// !$*UTF8*$!
{
	archiveVersion = 1;
	classes = {
	};
	objectVersion = 50;
	objects = {

/* Begin PBXBuildFile section */
		1F044E2A229E8738009CFBF5 /* SlotsCollectionViewCell.swift in Sources */ = {isa = PBXBuildFile; fileRef = 1F044E28229E8738009CFBF5 /* SlotsCollectionViewCell.swift */; };
		1F044E2B229E8738009CFBF5 /* SlotsCollectionViewCell.xib in Resources */ = {isa = PBXBuildFile; fileRef = 1F044E29229E8738009CFBF5 /* SlotsCollectionViewCell.xib */; };
		1F0C2981228AD07C00C575DB /* SpecialityTableViewCell.swift in Sources */ = {isa = PBXBuildFile; fileRef = 1F0C2980228AD07C00C575DB /* SpecialityTableViewCell.swift */; };
		1F0D8785228E78D10011050E /* AVFoundation.framework in Frameworks */ = {isa = PBXBuildFile; fileRef = 1F0D8784228E78D00011050E /* AVFoundation.framework */; };
		1F0D8787228E7C9C0011050E /* OpenFileViewController.swift in Sources */ = {isa = PBXBuildFile; fileRef = 1F0D8786228E7C9C0011050E /* OpenFileViewController.swift */; };
		1F0D878A228E81640011050E /* AddSpecialityModel.swift in Sources */ = {isa = PBXBuildFile; fileRef = 1F0D8789228E81640011050E /* AddSpecialityModel.swift */; };
		1F0D8793228EE9E50011050E /* SubSpecialityDataModel.swift in Sources */ = {isa = PBXBuildFile; fileRef = 1F0D8792228EE9E50011050E /* SubSpecialityDataModel.swift */; };
		1F0D8798228EEAE90011050E /* CancelSpecialityModel.swift in Sources */ = {isa = PBXBuildFile; fileRef = 1F0D8797228EEAE90011050E /* CancelSpecialityModel.swift */; };
		1F12423A2280118600B13213 /* AppDelegate.swift in Sources */ = {isa = PBXBuildFile; fileRef = 1F1242392280118600B13213 /* AppDelegate.swift */; };
		1F12423F2280118600B13213 /* Main.storyboard in Resources */ = {isa = PBXBuildFile; fileRef = 1F12423D2280118600B13213 /* Main.storyboard */; };
		1F1242422280118600B13213 /* TheOneDoctor.xcdatamodeld in Sources */ = {isa = PBXBuildFile; fileRef = 1F1242402280118600B13213 /* TheOneDoctor.xcdatamodeld */; };
		1F1242442280118800B13213 /* Assets.xcassets in Resources */ = {isa = PBXBuildFile; fileRef = 1F1242432280118800B13213 /* Assets.xcassets */; };
		1F1242472280118800B13213 /* LaunchScreen.storyboard in Resources */ = {isa = PBXBuildFile; fileRef = 1F1242452280118800B13213 /* LaunchScreen.storyboard */; };
		1F1242532280158300B13213 /* LoginViewController.swift in Sources */ = {isa = PBXBuildFile; fileRef = 1F1242522280158300B13213 /* LoginViewController.swift */; };
		1F1242552280158F00B13213 /* OTPVerificationViewController.swift in Sources */ = {isa = PBXBuildFile; fileRef = 1F1242542280158F00B13213 /* OTPVerificationViewController.swift */; };
		1F124259228015BE00B13213 /* ProfileViewController.swift in Sources */ = {isa = PBXBuildFile; fileRef = 1F124258228015BE00B13213 /* ProfileViewController.swift */; };
		1F12425C228015E100B13213 /* DashboardViewController.swift in Sources */ = {isa = PBXBuildFile; fileRef = 1F12425B228015E100B13213 /* DashboardViewController.swift */; };
		1F12425F2280166F00B13213 /* LoginModel.swift in Sources */ = {isa = PBXBuildFile; fileRef = 1F12425E2280166F00B13213 /* LoginModel.swift */; };
		1F1242612280168500B13213 /* LoginUserDataModel.swift in Sources */ = {isa = PBXBuildFile; fileRef = 1F1242602280168500B13213 /* LoginUserDataModel.swift */; };
		1F1242692280172900B13213 /* FileUpload.swift in Sources */ = {isa = PBXBuildFile; fileRef = 1F1242662280172800B13213 /* FileUpload.swift */; };
		1F12426A2280172900B13213 /* GenericMethods.swift in Sources */ = {isa = PBXBuildFile; fileRef = 1F1242672280172900B13213 /* GenericMethods.swift */; };
		1F12426E228018BE00B13213 /* UIScrollView+EmptyDataSet.m in Sources */ = {isa = PBXBuildFile; fileRef = 1F12426D228018BE00B13213 /* UIScrollView+EmptyDataSet.m */; };
		1F124271228018F900B13213 /* WebAPIHelper.swift in Sources */ = {isa = PBXBuildFile; fileRef = 1F12426F228018F900B13213 /* WebAPIHelper.swift */; };
		1F124272228018F900B13213 /* ReachabilityManager.swift in Sources */ = {isa = PBXBuildFile; fileRef = 1F124270228018F900B13213 /* ReachabilityManager.swift */; };
		1F124275228034AA00B13213 /* phone.svg in Resources */ = {isa = PBXBuildFile; fileRef = 1F124274228034AA00B13213 /* phone.svg */; };
		1F12427B2280399100B13213 /* logo.png in Resources */ = {isa = PBXBuildFile; fileRef = 1F1242792280399000B13213 /* logo.png */; };
		1F12427C2280399100B13213 /* homeBg01.png in Resources */ = {isa = PBXBuildFile; fileRef = 1F12427A2280399100B13213 /* homeBg01.png */; };
		1F12427F2280551500B13213 /* SendOTPModel.swift in Sources */ = {isa = PBXBuildFile; fileRef = 1F12427E2280551500B13213 /* SendOTPModel.swift */; };
		1F124283228055F000B13213 /* APIManager.swift in Sources */ = {isa = PBXBuildFile; fileRef = 1F124282228055F000B13213 /* APIManager.swift */; };
		1F18A69E22A4E622003A2984 /* UpdateScheduleModel.swift in Sources */ = {isa = PBXBuildFile; fileRef = 1F18A69D22A4E622003A2984 /* UpdateScheduleModel.swift */; };
		1F18A6A322A5240B003A2984 /* AppointmentScheduleModel.swift in Sources */ = {isa = PBXBuildFile; fileRef = 1F18A6A222A5240B003A2984 /* AppointmentScheduleModel.swift */; };
		1F1AE10622A63CF7003543BB /* AppConstants.swift in Sources */ = {isa = PBXBuildFile; fileRef = 1F1AE10522A63CF7003543BB /* AppConstants.swift */; };
		1F1AE10F22A69CED003543BB /* QueueModel.swift in Sources */ = {isa = PBXBuildFile; fileRef = 1F1AE10E22A69CED003543BB /* QueueModel.swift */; };
		1F1AE11222A69E94003543BB /* VIPScheduleModel.swift in Sources */ = {isa = PBXBuildFile; fileRef = 1F1AE11122A69E94003543BB /* VIPScheduleModel.swift */; };
		1F1AE11422A69F64003543BB /* QueueDataModel.swift in Sources */ = {isa = PBXBuildFile; fileRef = 1F1AE11322A69F64003543BB /* QueueDataModel.swift */; };
		1F1AE11622A69FF3003543BB /* QueueAppointmentModel.swift in Sources */ = {isa = PBXBuildFile; fileRef = 1F1AE11522A69FF3003543BB /* QueueAppointmentModel.swift */; };
		1F1BFD82228C438F0005D927 /* ProfileBGImg.png in Resources */ = {isa = PBXBuildFile; fileRef = 1F1BFD81228C438E0005D927 /* ProfileBGImg.png */; };
		1F209A052280675900C48120 /* GoogleService-Info.plist in Resources */ = {isa = PBXBuildFile; fileRef = 1F209A042280675900C48120 /* GoogleService-Info.plist */; };
		1F351D46229F9E5100681691 /* red_wom.png in Resources */ = {isa = PBXBuildFile; fileRef = 1F351D3F229F9E5000681691 /* red_wom.png */; };
		1F351D47229F9E5100681691 /* Wom_NOT.png in Resources */ = {isa = PBXBuildFile; fileRef = 1F351D40229F9E5000681691 /* Wom_NOT.png */; };
		1F351D48229F9E5100681691 /* red-man.png in Resources */ = {isa = PBXBuildFile; fileRef = 1F351D41229F9E5000681691 /* red-man.png */; };
		1F351D49229F9E5100681691 /* man_NOT.png in Resources */ = {isa = PBXBuildFile; fileRef = 1F351D42229F9E5000681691 /* man_NOT.png */; };
		1F351D4A229F9E5100681691 /* green-wom.png in Resources */ = {isa = PBXBuildFile; fileRef = 1F351D43229F9E5100681691 /* green-wom.png */; };
		1F351D4B229F9E5100681691 /* green-man.png in Resources */ = {isa = PBXBuildFile; fileRef = 1F351D44229F9E5100681691 /* green-man.png */; };
		1F351D4C229F9E5100681691 /* Wom_OTP.png in Resources */ = {isa = PBXBuildFile; fileRef = 1F351D45229F9E5100681691 /* Wom_OTP.png */; };
		1F351D5E229F9F7E00681691 /* QueueViewController.swift in Sources */ = {isa = PBXBuildFile; fileRef = 1F351D5D229F9F7E00681691 /* QueueViewController.swift */; };
		1F351D61229FA71600681691 /* DashboardModel.swift in Sources */ = {isa = PBXBuildFile; fileRef = 1F351D60229FA71600681691 /* DashboardModel.swift */; };
		1F351D63229FA7FA00681691 /* DashboardDataModel.swift in Sources */ = {isa = PBXBuildFile; fileRef = 1F351D62229FA7FA00681691 /* DashboardDataModel.swift */; };
		1F4C669A228434D700453B2E /* EditProfPic.png in Resources */ = {isa = PBXBuildFile; fileRef = 1F4C6699228434D700453B2E /* EditProfPic.png */; };
		1F4C669E228438C300453B2E /* SpecialityListViewController.swift in Sources */ = {isa = PBXBuildFile; fileRef = 1F4C669D228438C300453B2E /* SpecialityListViewController.swift */; };
		1F55DB812297C5EB00B92E6B /* ScheduleJson.json in Resources */ = {isa = PBXBuildFile; fileRef = 1F55DB802297C5EB00B92E6B /* ScheduleJson.json */; };
		1F55DB8322982B5A00B92E6B /* ScheduleDataModel.swift in Sources */ = {isa = PBXBuildFile; fileRef = 1F55DB8222982B5A00B92E6B /* ScheduleDataModel.swift */; };
		1F55DB8522982C4700B92E6B /* ScheduleClinicDataModel.swift in Sources */ = {isa = PBXBuildFile; fileRef = 1F55DB8422982C4700B92E6B /* ScheduleClinicDataModel.swift */; };
		1F55DB89229832DA00B92E6B /* AppointmentsModel.swift in Sources */ = {isa = PBXBuildFile; fileRef = 1F55DB88229832DA00B92E6B /* AppointmentsModel.swift */; };
		1F55DB8B229832EE00B92E6B /* AppointmentsDataModel.swift in Sources */ = {isa = PBXBuildFile; fileRef = 1F55DB8A229832EE00B92E6B /* AppointmentsDataModel.swift */; };
		1F55DB8D2298331200B92E6B /* AppointmentsFilterModel.swift in Sources */ = {isa = PBXBuildFile; fileRef = 1F55DB8C2298331200B92E6B /* AppointmentsFilterModel.swift */; };
		1FA27EA622829AB600759E6A /* emptyProfile.png in Resources */ = {isa = PBXBuildFile; fileRef = 1FA27EA522829AB500759E6A /* emptyProfile.png */; };
		1FAAABB822AE7CE8004E2A52 /* MediaCollectionViewController.swift in Sources */ = {isa = PBXBuildFile; fileRef = 1FAAABB722AE7CE8004E2A52 /* MediaCollectionViewController.swift */; };
		1FAAABBA22AE9F29004E2A52 /* ButtonTitleView.swift in Sources */ = {isa = PBXBuildFile; fileRef = 1FAAABB922AE9F29004E2A52 /* ButtonTitleView.swift */; };
		1FB0F0BA22A7F4A3005D5504 /* man_OTP.png in Resources */ = {isa = PBXBuildFile; fileRef = 1FB0F0B922A7F4A2005D5504 /* man_OTP.png */; };
		1FB56D0A22952EEA005A70B4 /* AddNormalScheduleTVC.swift in Sources */ = {isa = PBXBuildFile; fileRef = 1FB56D0922952EEA005A70B4 /* AddNormalScheduleTVC.swift */; };
		1FB8F39B2281455E006AF087 /* CreateAPIKeyModel.swift in Sources */ = {isa = PBXBuildFile; fileRef = 1FB8F39A2281455E006AF087 /* CreateAPIKeyModel.swift */; };
		1FB8F39D2281471A006AF087 /* UpdateKeyAPIModel.swift in Sources */ = {isa = PBXBuildFile; fileRef = 1FB8F39C2281471A006AF087 /* UpdateKeyAPIModel.swift */; };
		1FB8F3A1228167F9006AF087 /* StatusDataModel.swift in Sources */ = {isa = PBXBuildFile; fileRef = 1FB8F3A0228167F9006AF087 /* StatusDataModel.swift */; };
		1FB8F3A522818ADB006AF087 /* ProfileModel.swift in Sources */ = {isa = PBXBuildFile; fileRef = 1FB8F3A422818ADB006AF087 /* ProfileModel.swift */; };
		1FB8F3A722818AF0006AF087 /* ProfileDataModel.swift in Sources */ = {isa = PBXBuildFile; fileRef = 1FB8F3A622818AF0006AF087 /* ProfileDataModel.swift */; };
		1FB8F3A92281B283006AF087 /* DashboardCollectionViewCell.swift in Sources */ = {isa = PBXBuildFile; fileRef = 1FB8F3A82281B283006AF087 /* DashboardCollectionViewCell.swift */; };
		1FBE36B12293BC5F002E32BA /* DeletePicturesViewController.swift in Sources */ = {isa = PBXBuildFile; fileRef = 1FBE36B02293BC5F002E32BA /* DeletePicturesViewController.swift */; };
		1FBE36B32293BCCF002E32BA /* DeletePicturesCollectionViewCell.swift in Sources */ = {isa = PBXBuildFile; fileRef = 1FBE36B22293BCCF002E32BA /* DeletePicturesCollectionViewCell.swift */; };
		1FBE36B52293D651002E32BA /* closeBtn.png in Resources */ = {isa = PBXBuildFile; fileRef = 1FBE36B42293D651002E32BA /* closeBtn.png */; };
		1FBE36B82293D8F4002E32BA /* DeletePicModel.swift in Sources */ = {isa = PBXBuildFile; fileRef = 1FBE36B72293D8F4002E32BA /* DeletePicModel.swift */; };
		1FBE36BA2294219A002E32BA /* ProfileUpdateModel.swift in Sources */ = {isa = PBXBuildFile; fileRef = 1FBE36B92294219A002E32BA /* ProfileUpdateModel.swift */; };
		1FBE36BE22942AF2002E32BA /* ScheduleViewController.swift in Sources */ = {isa = PBXBuildFile; fileRef = 1FBE36BD22942AF2002E32BA /* ScheduleViewController.swift */; };
		1FBE36C222942BB1002E32BA /* AddScheduleViewController.swift in Sources */ = {isa = PBXBuildFile; fileRef = 1FBE36C122942BB1002E32BA /* AddScheduleViewController.swift */; };
		1FBE36C422942BCA002E32BA /* AddVIPScheduleViewController.swift in Sources */ = {isa = PBXBuildFile; fileRef = 1FBE36C322942BCA002E32BA /* AddVIPScheduleViewController.swift */; };
		1FBE36C72294374B002E32BA /* AddScheduleTableViewCell.swift in Sources */ = {isa = PBXBuildFile; fileRef = 1FBE36C52294374B002E32BA /* AddScheduleTableViewCell.swift */; };
		1FBE36C82294374B002E32BA /* AddScheduleTableViewCell.xib in Resources */ = {isa = PBXBuildFile; fileRef = 1FBE36C62294374B002E32BA /* AddScheduleTableViewCell.xib */; };
		1FC341812296621C00634EAD /* loaderImg.png in Resources */ = {isa = PBXBuildFile; fileRef = 1FC3417F2296621B00634EAD /* loaderImg.png */; };
		1FC341822296621C00634EAD /* errorImg.png in Resources */ = {isa = PBXBuildFile; fileRef = 1FC341802296621C00634EAD /* errorImg.png */; };
		1FC341842296A7C500634EAD /* Email.png in Resources */ = {isa = PBXBuildFile; fileRef = 1FC341832296A7C500634EAD /* Email.png */; };
		1FC341862296A8D700634EAD /* edit.png in Resources */ = {isa = PBXBuildFile; fileRef = 1FC341852296A8D600634EAD /* edit.png */; };
		1FC341882296A91300634EAD /* Settings.png in Resources */ = {isa = PBXBuildFile; fileRef = 1FC341872296A91200634EAD /* Settings.png */; };
		1FC3418A2296AA1100634EAD /* editing.png in Resources */ = {isa = PBXBuildFile; fileRef = 1FC341892296AA1000634EAD /* editing.png */; };
		1FC3418D2296C17900634EAD /* ScheduleModel.swift in Sources */ = {isa = PBXBuildFile; fileRef = 1FC3418C2296C17900634EAD /* ScheduleModel.swift */; };
		1FC341902296C1BF00634EAD /* AddScheduleModel.swift in Sources */ = {isa = PBXBuildFile; fileRef = 1FC3418F2296C1BF00634EAD /* AddScheduleModel.swift */; };
		1FC341942296C1EC00634EAD /* AddVIPScheduleModel.swift in Sources */ = {isa = PBXBuildFile; fileRef = 1FC341932296C1EC00634EAD /* AddVIPScheduleModel.swift */; };
		1FC3419E2296DFFD00634EAD /* reload.png in Resources */ = {isa = PBXBuildFile; fileRef = 1FC3419D2296DFFD00634EAD /* reload.png */; };
		1FC341A02296E96900634EAD /* AddScheduleDataModel.swift in Sources */ = {isa = PBXBuildFile; fileRef = 1FC3419F2296E96900634EAD /* AddScheduleDataModel.swift */; };
		1FC65AEA228D34D400F889C9 /* AppointmentsTableViewCell.swift in Sources */ = {isa = PBXBuildFile; fileRef = 1FC65AE9228D34D400F889C9 /* AppointmentsTableViewCell.swift */; };
		1FC65AEC228D39EF00F889C9 /* AppointmentsViewController.swift in Sources */ = {isa = PBXBuildFile; fileRef = 1FC65AEB228D39EF00F889C9 /* AppointmentsViewController.swift */; };
		1FC65AEE228D450300F889C9 /* filter.svg in Resources */ = {isa = PBXBuildFile; fileRef = 1FC65AED228D450200F889C9 /* filter.svg */; };
		1FC65AF1228D5F8400F889C9 /* ProfileSpecialityDataModel.swift in Sources */ = {isa = PBXBuildFile; fileRef = 1FC65AF0228D5F8400F889C9 /* ProfileSpecialityDataModel.swift */; };
		1FCF1A8622AF7A9B007F6014 /* CustomTitleView.swift in Sources */ = {isa = PBXBuildFile; fileRef = 1FCF1A8522AF7A9B007F6014 /* CustomTitleView.swift */; };
		1FCF1A8822AF7AAC007F6014 /* CustomTitleView.xib in Resources */ = {isa = PBXBuildFile; fileRef = 1FCF1A8722AF7AAC007F6014 /* CustomTitleView.xib */; };
		1FCF1A8A22AF890F007F6014 /* MediaCollectionViewCell.swift in Sources */ = {isa = PBXBuildFile; fileRef = 1FCF1A8922AF890F007F6014 /* MediaCollectionViewCell.swift */; };
		1FE013C62298F13000CA4EFC /* location.png in Resources */ = {isa = PBXBuildFile; fileRef = 1FE013C52298F13000CA4EFC /* location.png */; };
		1FE013C82298F64200CA4EFC /* CalendarViewController.swift in Sources */ = {isa = PBXBuildFile; fileRef = 1FE013C72298F64100CA4EFC /* CalendarViewController.swift */; };
		1FE013CA2299131A00CA4EFC /* SectionHeaderCollectionReusableView.swift in Sources */ = {isa = PBXBuildFile; fileRef = 1FE013C92299131A00CA4EFC /* SectionHeaderCollectionReusableView.swift */; };
		1FE013CF229916F600CA4EFC /* AppointmentFilterCollectionViewCell.swift in Sources */ = {isa = PBXBuildFile; fileRef = 1FE013CD229916F600CA4EFC /* AppointmentFilterCollectionViewCell.swift */; };
		1FE013D0229916F600CA4EFC /* AppointmentFilterCollectionViewCell.xib in Resources */ = {isa = PBXBuildFile; fileRef = 1FE013CE229916F600CA4EFC /* AppointmentFilterCollectionViewCell.xib */; };
		1FE013D222991A4400CA4EFC /* AppointmentsClinicFilterModel.swift in Sources */ = {isa = PBXBuildFile; fileRef = 1FE013D122991A4400CA4EFC /* AppointmentsClinicFilterModel.swift */; };
		1FE013D422996E5400CA4EFC /* AppointmentFilterViewController.swift in Sources */ = {isa = PBXBuildFile; fileRef = 1FE013D322996E5400CA4EFC /* AppointmentFilterViewController.swift */; };
		1FE013D9229A681700CA4EFC /* SlotsTableViewCell.swift in Sources */ = {isa = PBXBuildFile; fileRef = 1FE013D7229A681700CA4EFC /* SlotsTableViewCell.swift */; };
		1FE013DA229A681700CA4EFC /* SlotsTableViewCell.xib in Resources */ = {isa = PBXBuildFile; fileRef = 1FE013D8229A681700CA4EFC /* SlotsTableViewCell.xib */; };
		1FE013DC229A717E00CA4EFC /* ScheduleDateModel.swift in Sources */ = {isa = PBXBuildFile; fileRef = 1FE013DB229A717E00CA4EFC /* ScheduleDateModel.swift */; };
		1FE013DE229A8EC200CA4EFC /* SessionScheduleDataModel.swift in Sources */ = {isa = PBXBuildFile; fileRef = 1FE013DD229A8EC200CA4EFC /* SessionScheduleDataModel.swift */; };
		1FE013E4229AA2CE00CA4EFC /* RescheduleViewController.swift in Sources */ = {isa = PBXBuildFile; fileRef = 1FE013E3229AA2CE00CA4EFC /* RescheduleViewController.swift */; };
		1FE013E8229AA5EB00CA4EFC /* SessionScheduleModel.swift in Sources */ = {isa = PBXBuildFile; fileRef = 1FE013E7229AA5EB00CA4EFC /* SessionScheduleModel.swift */; };
		1FE013EB229ABEDB00CA4EFC /* RescheduleModel.swift in Sources */ = {isa = PBXBuildFile; fileRef = 1FE013EA229ABEDB00CA4EFC /* RescheduleModel.swift */; };
		1FE013ED229ABEED00CA4EFC /* RescheduleDataModel.swift in Sources */ = {isa = PBXBuildFile; fileRef = 1FE013EC229ABEED00CA4EFC /* RescheduleDataModel.swift */; };
		1FE013EF229AC48800CA4EFC /* ChangeScheduleViewController.swift in Sources */ = {isa = PBXBuildFile; fileRef = 1FE013EE229AC48800CA4EFC /* ChangeScheduleViewController.swift */; };
		1FEF4C8922B0C49B00726D94 /* imgSelect.png in Resources */ = {isa = PBXBuildFile; fileRef = 1FEF4C8822B0C49B00726D94 /* imgSelect.png */; };
		1FEF4C8B22B0C7C500726D94 /* mediaSelect.png in Resources */ = {isa = PBXBuildFile; fileRef = 1FEF4C8A22B0C7C400726D94 /* mediaSelect.png */; };
		1FF88A222295122A00A5C28A /* CalendarDateCollectionViewCell.swift in Sources */ = {isa = PBXBuildFile; fileRef = 1FF88A202295122A00A5C28A /* CalendarDateCollectionViewCell.swift */; };
		1FF88A232295122A00A5C28A /* CalendarDateCollectionViewCell.xib in Resources */ = {isa = PBXBuildFile; fileRef = 1FF88A212295122A00A5C28A /* CalendarDateCollectionViewCell.xib */; };
		1FF8E5482282A58C0060D7FC /* Schedule.png in Resources */ = {isa = PBXBuildFile; fileRef = 1FF8E5422282A5890060D7FC /* Schedule.png */; };
		1FF8E5492282A58C0060D7FC /* Appoint.png in Resources */ = {isa = PBXBuildFile; fileRef = 1FF8E5432282A5890060D7FC /* Appoint.png */; };
		1FF8E54A2282A58C0060D7FC /* Watch.png in Resources */ = {isa = PBXBuildFile; fileRef = 1FF8E5442282A5890060D7FC /* Watch.png */; };
		1FF8E54B2282A58C0060D7FC /* Upload.png in Resources */ = {isa = PBXBuildFile; fileRef = 1FF8E5452282A58A0060D7FC /* Upload.png */; };
		1FF8E54C2282A58C0060D7FC /* Revenue.png in Resources */ = {isa = PBXBuildFile; fileRef = 1FF8E5462282A58B0060D7FC /* Revenue.png */; };
		1FF8E54D2282A58C0060D7FC /* Queue.png in Resources */ = {isa = PBXBuildFile; fileRef = 1FF8E5472282A58B0060D7FC /* Queue.png */; };
		1FF8E5502282AAF50060D7FC /* Menprofile.png in Resources */ = {isa = PBXBuildFile; fileRef = 1FF8E54E2282AAF40060D7FC /* Menprofile.png */; };
		1FF8E5512282AAF50060D7FC /* Womenprofile.png in Resources */ = {isa = PBXBuildFile; fileRef = 1FF8E54F2282AAF40060D7FC /* Womenprofile.png */; };
		1FF8E5552282D2070060D7FC /* addImg.png in Resources */ = {isa = PBXBuildFile; fileRef = 1FF8E5542282D2060060D7FC /* addImg.png */; };
		1FF8E5582282E3300060D7FC /* DoctorSpecialityCollectionViewCell.swift in Sources */ = {isa = PBXBuildFile; fileRef = 1FF8E5562282E3300060D7FC /* DoctorSpecialityCollectionViewCell.swift */; };
		1FF8E5592282E3300060D7FC /* DoctorSpecialityCollectionViewCell.xib in Resources */ = {isa = PBXBuildFile; fileRef = 1FF8E5572282E3300060D7FC /* DoctorSpecialityCollectionViewCell.xib */; };
		1FF8E55C2282F9060060D7FC /* DoctorPicturesCollectionViewCell.swift in Sources */ = {isa = PBXBuildFile; fileRef = 1FF8E55A2282F9050060D7FC /* DoctorPicturesCollectionViewCell.swift */; };
		1FF8E55D2282F9060060D7FC /* DoctorPicturesCollectionViewCell.xib in Resources */ = {isa = PBXBuildFile; fileRef = 1FF8E55B2282F9060060D7FC /* DoctorPicturesCollectionViewCell.xib */; };
		1FF8E55F228304390060D7FC /* DashboardNavigateVC.swift in Sources */ = {isa = PBXBuildFile; fileRef = 1FF8E55E228304390060D7FC /* DashboardNavigateVC.swift */; };
		2EFE4CE89F5E315E8B0DC5D2 /* Pods_TheOneDoctor.framework in Frameworks */ = {isa = PBXBuildFile; fileRef = 11322340E5DB8F35F5F4064F /* Pods_TheOneDoctor.framework */; };
/* End PBXBuildFile section */

/* Begin PBXFileReference section */
		11322340E5DB8F35F5F4064F /* Pods_TheOneDoctor.framework */ = {isa = PBXFileReference; explicitFileType = wrapper.framework; includeInIndex = 0; path = Pods_TheOneDoctor.framework; sourceTree = BUILT_PRODUCTS_DIR; };
		1F044E28229E8738009CFBF5 /* SlotsCollectionViewCell.swift */ = {isa = PBXFileReference; lastKnownFileType = sourcecode.swift; path = SlotsCollectionViewCell.swift; sourceTree = "<group>"; };
		1F044E29229E8738009CFBF5 /* SlotsCollectionViewCell.xib */ = {isa = PBXFileReference; lastKnownFileType = file.xib; path = SlotsCollectionViewCell.xib; sourceTree = "<group>"; };
		1F0C2980228AD07C00C575DB /* SpecialityTableViewCell.swift */ = {isa = PBXFileReference; lastKnownFileType = sourcecode.swift; path = SpecialityTableViewCell.swift; sourceTree = "<group>"; };
		1F0D8784228E78D00011050E /* AVFoundation.framework */ = {isa = PBXFileReference; lastKnownFileType = wrapper.framework; name = AVFoundation.framework; path = System/Library/Frameworks/AVFoundation.framework; sourceTree = SDKROOT; };
		1F0D8786228E7C9C0011050E /* OpenFileViewController.swift */ = {isa = PBXFileReference; lastKnownFileType = sourcecode.swift; path = OpenFileViewController.swift; sourceTree = "<group>"; };
		1F0D8789228E81640011050E /* AddSpecialityModel.swift */ = {isa = PBXFileReference; lastKnownFileType = sourcecode.swift; path = AddSpecialityModel.swift; sourceTree = "<group>"; };
		1F0D8792228EE9E50011050E /* SubSpecialityDataModel.swift */ = {isa = PBXFileReference; lastKnownFileType = sourcecode.swift; path = SubSpecialityDataModel.swift; sourceTree = "<group>"; };
		1F0D8797228EEAE90011050E /* CancelSpecialityModel.swift */ = {isa = PBXFileReference; lastKnownFileType = sourcecode.swift; path = CancelSpecialityModel.swift; sourceTree = "<group>"; };
		1F1242362280118600B13213 /* TheOneDoctor.app */ = {isa = PBXFileReference; explicitFileType = wrapper.application; includeInIndex = 0; path = TheOneDoctor.app; sourceTree = BUILT_PRODUCTS_DIR; };
		1F1242392280118600B13213 /* AppDelegate.swift */ = {isa = PBXFileReference; lastKnownFileType = sourcecode.swift; path = AppDelegate.swift; sourceTree = "<group>"; };
		1F12423E2280118600B13213 /* Base */ = {isa = PBXFileReference; lastKnownFileType = file.storyboard; name = Base; path = Base.lproj/Main.storyboard; sourceTree = "<group>"; };
		1F1242412280118600B13213 /* TheOneDoctor.xcdatamodel */ = {isa = PBXFileReference; lastKnownFileType = wrapper.xcdatamodel; path = TheOneDoctor.xcdatamodel; sourceTree = "<group>"; };
		1F1242432280118800B13213 /* Assets.xcassets */ = {isa = PBXFileReference; lastKnownFileType = folder.assetcatalog; path = Assets.xcassets; sourceTree = "<group>"; };
		1F1242462280118800B13213 /* Base */ = {isa = PBXFileReference; lastKnownFileType = file.storyboard; name = Base; path = Base.lproj/LaunchScreen.storyboard; sourceTree = "<group>"; };
		1F1242482280118800B13213 /* Info.plist */ = {isa = PBXFileReference; lastKnownFileType = text.plist.xml; path = Info.plist; sourceTree = "<group>"; };
		1F1242522280158300B13213 /* LoginViewController.swift */ = {isa = PBXFileReference; lastKnownFileType = sourcecode.swift; path = LoginViewController.swift; sourceTree = "<group>"; };
		1F1242542280158F00B13213 /* OTPVerificationViewController.swift */ = {isa = PBXFileReference; lastKnownFileType = sourcecode.swift; path = OTPVerificationViewController.swift; sourceTree = "<group>"; };
		1F124258228015BE00B13213 /* ProfileViewController.swift */ = {isa = PBXFileReference; lastKnownFileType = sourcecode.swift; path = ProfileViewController.swift; sourceTree = "<group>"; };
		1F12425B228015E100B13213 /* DashboardViewController.swift */ = {isa = PBXFileReference; lastKnownFileType = sourcecode.swift; path = DashboardViewController.swift; sourceTree = "<group>"; };
		1F12425E2280166F00B13213 /* LoginModel.swift */ = {isa = PBXFileReference; lastKnownFileType = sourcecode.swift; path = LoginModel.swift; sourceTree = "<group>"; };
		1F1242602280168500B13213 /* LoginUserDataModel.swift */ = {isa = PBXFileReference; lastKnownFileType = sourcecode.swift; path = LoginUserDataModel.swift; sourceTree = "<group>"; };
		1F1242662280172800B13213 /* FileUpload.swift */ = {isa = PBXFileReference; fileEncoding = 4; lastKnownFileType = sourcecode.swift; path = FileUpload.swift; sourceTree = "<group>"; };
		1F1242672280172900B13213 /* GenericMethods.swift */ = {isa = PBXFileReference; fileEncoding = 4; lastKnownFileType = sourcecode.swift; path = GenericMethods.swift; sourceTree = "<group>"; };
		1F12426B228018BD00B13213 /* TheOneDoctor-Bridging-Header.h */ = {isa = PBXFileReference; lastKnownFileType = sourcecode.c.h; path = "TheOneDoctor-Bridging-Header.h"; sourceTree = "<group>"; };
		1F12426C228018BE00B13213 /* UIScrollView+EmptyDataSet.h */ = {isa = PBXFileReference; fileEncoding = 4; lastKnownFileType = sourcecode.c.h; path = "UIScrollView+EmptyDataSet.h"; sourceTree = "<group>"; };
		1F12426D228018BE00B13213 /* UIScrollView+EmptyDataSet.m */ = {isa = PBXFileReference; fileEncoding = 4; lastKnownFileType = sourcecode.c.objc; path = "UIScrollView+EmptyDataSet.m"; sourceTree = "<group>"; };
		1F12426F228018F900B13213 /* WebAPIHelper.swift */ = {isa = PBXFileReference; fileEncoding = 4; lastKnownFileType = sourcecode.swift; path = WebAPIHelper.swift; sourceTree = "<group>"; };
		1F124270228018F900B13213 /* ReachabilityManager.swift */ = {isa = PBXFileReference; fileEncoding = 4; lastKnownFileType = sourcecode.swift; path = ReachabilityManager.swift; sourceTree = "<group>"; };
		1F124274228034AA00B13213 /* phone.svg */ = {isa = PBXFileReference; fileEncoding = 4; lastKnownFileType = text.xml; path = phone.svg; sourceTree = "<group>"; };
		1F1242792280399000B13213 /* logo.png */ = {isa = PBXFileReference; lastKnownFileType = image.png; path = logo.png; sourceTree = "<group>"; };
		1F12427A2280399100B13213 /* homeBg01.png */ = {isa = PBXFileReference; lastKnownFileType = image.png; path = homeBg01.png; sourceTree = "<group>"; };
		1F12427E2280551500B13213 /* SendOTPModel.swift */ = {isa = PBXFileReference; lastKnownFileType = sourcecode.swift; path = SendOTPModel.swift; sourceTree = "<group>"; };
		1F124282228055F000B13213 /* APIManager.swift */ = {isa = PBXFileReference; lastKnownFileType = sourcecode.swift; path = APIManager.swift; sourceTree = "<group>"; };
		1F18A69D22A4E622003A2984 /* UpdateScheduleModel.swift */ = {isa = PBXFileReference; lastKnownFileType = sourcecode.swift; path = UpdateScheduleModel.swift; sourceTree = "<group>"; };
		1F18A6A222A5240B003A2984 /* AppointmentScheduleModel.swift */ = {isa = PBXFileReference; lastKnownFileType = sourcecode.swift; path = AppointmentScheduleModel.swift; sourceTree = "<group>"; };
		1F1AE10522A63CF7003543BB /* AppConstants.swift */ = {isa = PBXFileReference; lastKnownFileType = sourcecode.swift; path = AppConstants.swift; sourceTree = "<group>"; };
		1F1AE10E22A69CED003543BB /* QueueModel.swift */ = {isa = PBXFileReference; lastKnownFileType = sourcecode.swift; path = QueueModel.swift; sourceTree = "<group>"; };
		1F1AE11122A69E94003543BB /* VIPScheduleModel.swift */ = {isa = PBXFileReference; lastKnownFileType = sourcecode.swift; path = VIPScheduleModel.swift; sourceTree = "<group>"; };
		1F1AE11322A69F64003543BB /* QueueDataModel.swift */ = {isa = PBXFileReference; lastKnownFileType = sourcecode.swift; path = QueueDataModel.swift; sourceTree = "<group>"; };
		1F1AE11522A69FF3003543BB /* QueueAppointmentModel.swift */ = {isa = PBXFileReference; lastKnownFileType = sourcecode.swift; path = QueueAppointmentModel.swift; sourceTree = "<group>"; };
		1F1BFD81228C438E0005D927 /* ProfileBGImg.png */ = {isa = PBXFileReference; lastKnownFileType = image.png; path = ProfileBGImg.png; sourceTree = "<group>"; };
		1F209A042280675900C48120 /* GoogleService-Info.plist */ = {isa = PBXFileReference; fileEncoding = 4; lastKnownFileType = text.plist.xml; path = "GoogleService-Info.plist"; sourceTree = "<group>"; };
		1F209A062280676400C48120 /* TheOneDoctor.entitlements */ = {isa = PBXFileReference; lastKnownFileType = text.plist.entitlements; path = TheOneDoctor.entitlements; sourceTree = "<group>"; };
		1F351D3F229F9E5000681691 /* red_wom.png */ = {isa = PBXFileReference; lastKnownFileType = image.png; path = red_wom.png; sourceTree = "<group>"; };
		1F351D40229F9E5000681691 /* Wom_NOT.png */ = {isa = PBXFileReference; lastKnownFileType = image.png; path = Wom_NOT.png; sourceTree = "<group>"; };
		1F351D41229F9E5000681691 /* red-man.png */ = {isa = PBXFileReference; lastKnownFileType = image.png; path = "red-man.png"; sourceTree = "<group>"; };
		1F351D42229F9E5000681691 /* man_NOT.png */ = {isa = PBXFileReference; lastKnownFileType = image.png; path = man_NOT.png; sourceTree = "<group>"; };
		1F351D43229F9E5100681691 /* green-wom.png */ = {isa = PBXFileReference; lastKnownFileType = image.png; path = "green-wom.png"; sourceTree = "<group>"; };
		1F351D44229F9E5100681691 /* green-man.png */ = {isa = PBXFileReference; lastKnownFileType = image.png; path = "green-man.png"; sourceTree = "<group>"; };
		1F351D45229F9E5100681691 /* Wom_OTP.png */ = {isa = PBXFileReference; lastKnownFileType = image.png; path = Wom_OTP.png; sourceTree = "<group>"; };
		1F351D5D229F9F7E00681691 /* QueueViewController.swift */ = {isa = PBXFileReference; lastKnownFileType = sourcecode.swift; path = QueueViewController.swift; sourceTree = "<group>"; };
		1F351D60229FA71600681691 /* DashboardModel.swift */ = {isa = PBXFileReference; lastKnownFileType = sourcecode.swift; path = DashboardModel.swift; sourceTree = "<group>"; };
		1F351D62229FA7FA00681691 /* DashboardDataModel.swift */ = {isa = PBXFileReference; lastKnownFileType = sourcecode.swift; path = DashboardDataModel.swift; sourceTree = "<group>"; };
		1F4C6699228434D700453B2E /* EditProfPic.png */ = {isa = PBXFileReference; lastKnownFileType = image.png; path = EditProfPic.png; sourceTree = "<group>"; };
		1F4C669D228438C300453B2E /* SpecialityListViewController.swift */ = {isa = PBXFileReference; lastKnownFileType = sourcecode.swift; path = SpecialityListViewController.swift; sourceTree = "<group>"; };
		1F55DB802297C5EB00B92E6B /* ScheduleJson.json */ = {isa = PBXFileReference; lastKnownFileType = text.json; path = ScheduleJson.json; sourceTree = "<group>"; };
		1F55DB8222982B5A00B92E6B /* ScheduleDataModel.swift */ = {isa = PBXFileReference; lastKnownFileType = sourcecode.swift; path = ScheduleDataModel.swift; sourceTree = "<group>"; };
		1F55DB8422982C4700B92E6B /* ScheduleClinicDataModel.swift */ = {isa = PBXFileReference; lastKnownFileType = sourcecode.swift; path = ScheduleClinicDataModel.swift; sourceTree = "<group>"; };
		1F55DB88229832DA00B92E6B /* AppointmentsModel.swift */ = {isa = PBXFileReference; lastKnownFileType = sourcecode.swift; name = AppointmentsModel.swift; path = TheOneDoctor/DataModels/ScheduleModel/AppointmentsModel.swift; sourceTree = SOURCE_ROOT; };
		1F55DB8A229832EE00B92E6B /* AppointmentsDataModel.swift */ = {isa = PBXFileReference; lastKnownFileType = sourcecode.swift; path = AppointmentsDataModel.swift; sourceTree = "<group>"; };
		1F55DB8C2298331200B92E6B /* AppointmentsFilterModel.swift */ = {isa = PBXFileReference; lastKnownFileType = sourcecode.swift; path = AppointmentsFilterModel.swift; sourceTree = "<group>"; };
		1FA27EA522829AB500759E6A /* emptyProfile.png */ = {isa = PBXFileReference; lastKnownFileType = image.png; path = emptyProfile.png; sourceTree = "<group>"; };
		1FAAABB722AE7CE8004E2A52 /* MediaCollectionViewController.swift */ = {isa = PBXFileReference; lastKnownFileType = sourcecode.swift; path = MediaCollectionViewController.swift; sourceTree = "<group>"; };
		1FAAABB922AE9F29004E2A52 /* ButtonTitleView.swift */ = {isa = PBXFileReference; lastKnownFileType = sourcecode.swift; path = ButtonTitleView.swift; sourceTree = "<group>"; };
		1FB0F0B922A7F4A2005D5504 /* man_OTP.png */ = {isa = PBXFileReference; lastKnownFileType = image.png; path = man_OTP.png; sourceTree = "<group>"; };
		1FB56D0922952EEA005A70B4 /* AddNormalScheduleTVC.swift */ = {isa = PBXFileReference; lastKnownFileType = sourcecode.swift; path = AddNormalScheduleTVC.swift; sourceTree = "<group>"; };
		1FB8F39A2281455E006AF087 /* CreateAPIKeyModel.swift */ = {isa = PBXFileReference; lastKnownFileType = sourcecode.swift; path = CreateAPIKeyModel.swift; sourceTree = "<group>"; };
		1FB8F39C2281471A006AF087 /* UpdateKeyAPIModel.swift */ = {isa = PBXFileReference; lastKnownFileType = sourcecode.swift; path = UpdateKeyAPIModel.swift; sourceTree = "<group>"; };
		1FB8F3A0228167F9006AF087 /* StatusDataModel.swift */ = {isa = PBXFileReference; lastKnownFileType = sourcecode.swift; path = StatusDataModel.swift; sourceTree = "<group>"; };
		1FB8F3A422818ADB006AF087 /* ProfileModel.swift */ = {isa = PBXFileReference; lastKnownFileType = sourcecode.swift; path = ProfileModel.swift; sourceTree = "<group>"; };
		1FB8F3A622818AF0006AF087 /* ProfileDataModel.swift */ = {isa = PBXFileReference; lastKnownFileType = sourcecode.swift; path = ProfileDataModel.swift; sourceTree = "<group>"; };
		1FB8F3A82281B283006AF087 /* DashboardCollectionViewCell.swift */ = {isa = PBXFileReference; lastKnownFileType = sourcecode.swift; path = DashboardCollectionViewCell.swift; sourceTree = "<group>"; };
		1FBE36B02293BC5F002E32BA /* DeletePicturesViewController.swift */ = {isa = PBXFileReference; lastKnownFileType = sourcecode.swift; path = DeletePicturesViewController.swift; sourceTree = "<group>"; };
		1FBE36B22293BCCF002E32BA /* DeletePicturesCollectionViewCell.swift */ = {isa = PBXFileReference; lastKnownFileType = sourcecode.swift; path = DeletePicturesCollectionViewCell.swift; sourceTree = "<group>"; };
		1FBE36B42293D651002E32BA /* closeBtn.png */ = {isa = PBXFileReference; lastKnownFileType = image.png; path = closeBtn.png; sourceTree = "<group>"; };
		1FBE36B72293D8F4002E32BA /* DeletePicModel.swift */ = {isa = PBXFileReference; lastKnownFileType = sourcecode.swift; path = DeletePicModel.swift; sourceTree = "<group>"; };
		1FBE36B92294219A002E32BA /* ProfileUpdateModel.swift */ = {isa = PBXFileReference; lastKnownFileType = sourcecode.swift; path = ProfileUpdateModel.swift; sourceTree = "<group>"; };
		1FBE36BD22942AF2002E32BA /* ScheduleViewController.swift */ = {isa = PBXFileReference; lastKnownFileType = sourcecode.swift; path = ScheduleViewController.swift; sourceTree = "<group>"; };
		1FBE36C122942BB1002E32BA /* AddScheduleViewController.swift */ = {isa = PBXFileReference; lastKnownFileType = sourcecode.swift; path = AddScheduleViewController.swift; sourceTree = "<group>"; };
		1FBE36C322942BCA002E32BA /* AddVIPScheduleViewController.swift */ = {isa = PBXFileReference; lastKnownFileType = sourcecode.swift; path = AddVIPScheduleViewController.swift; sourceTree = "<group>"; };
		1FBE36C52294374B002E32BA /* AddScheduleTableViewCell.swift */ = {isa = PBXFileReference; lastKnownFileType = sourcecode.swift; path = AddScheduleTableViewCell.swift; sourceTree = "<group>"; };
		1FBE36C62294374B002E32BA /* AddScheduleTableViewCell.xib */ = {isa = PBXFileReference; lastKnownFileType = file.xib; path = AddScheduleTableViewCell.xib; sourceTree = "<group>"; };
		1FC3417F2296621B00634EAD /* loaderImg.png */ = {isa = PBXFileReference; lastKnownFileType = image.png; path = loaderImg.png; sourceTree = "<group>"; };
		1FC341802296621C00634EAD /* errorImg.png */ = {isa = PBXFileReference; lastKnownFileType = image.png; path = errorImg.png; sourceTree = "<group>"; };
		1FC341832296A7C500634EAD /* Email.png */ = {isa = PBXFileReference; lastKnownFileType = image.png; path = Email.png; sourceTree = "<group>"; };
		1FC341852296A8D600634EAD /* edit.png */ = {isa = PBXFileReference; lastKnownFileType = image.png; path = edit.png; sourceTree = "<group>"; };
		1FC341872296A91200634EAD /* Settings.png */ = {isa = PBXFileReference; lastKnownFileType = image.png; path = Settings.png; sourceTree = "<group>"; };
		1FC341892296AA1000634EAD /* editing.png */ = {isa = PBXFileReference; lastKnownFileType = image.png; path = editing.png; sourceTree = "<group>"; };
		1FC3418C2296C17900634EAD /* ScheduleModel.swift */ = {isa = PBXFileReference; lastKnownFileType = sourcecode.swift; path = ScheduleModel.swift; sourceTree = "<group>"; };
		1FC3418F2296C1BF00634EAD /* AddScheduleModel.swift */ = {isa = PBXFileReference; lastKnownFileType = sourcecode.swift; path = AddScheduleModel.swift; sourceTree = "<group>"; };
		1FC341932296C1EC00634EAD /* AddVIPScheduleModel.swift */ = {isa = PBXFileReference; lastKnownFileType = sourcecode.swift; path = AddVIPScheduleModel.swift; sourceTree = "<group>"; };
		1FC3419D2296DFFD00634EAD /* reload.png */ = {isa = PBXFileReference; lastKnownFileType = image.png; path = reload.png; sourceTree = "<group>"; };
		1FC3419F2296E96900634EAD /* AddScheduleDataModel.swift */ = {isa = PBXFileReference; lastKnownFileType = sourcecode.swift; path = AddScheduleDataModel.swift; sourceTree = "<group>"; };
		1FC65AE9228D34D400F889C9 /* AppointmentsTableViewCell.swift */ = {isa = PBXFileReference; lastKnownFileType = sourcecode.swift; path = AppointmentsTableViewCell.swift; sourceTree = "<group>"; };
		1FC65AEB228D39EF00F889C9 /* AppointmentsViewController.swift */ = {isa = PBXFileReference; lastKnownFileType = sourcecode.swift; path = AppointmentsViewController.swift; sourceTree = "<group>"; };
		1FC65AED228D450200F889C9 /* filter.svg */ = {isa = PBXFileReference; fileEncoding = 4; lastKnownFileType = text.xml; path = filter.svg; sourceTree = "<group>"; };
		1FC65AF0228D5F8400F889C9 /* ProfileSpecialityDataModel.swift */ = {isa = PBXFileReference; lastKnownFileType = sourcecode.swift; path = ProfileSpecialityDataModel.swift; sourceTree = "<group>"; };
		1FCF1A8522AF7A9B007F6014 /* CustomTitleView.swift */ = {isa = PBXFileReference; lastKnownFileType = sourcecode.swift; path = CustomTitleView.swift; sourceTree = "<group>"; };
		1FCF1A8722AF7AAC007F6014 /* CustomTitleView.xib */ = {isa = PBXFileReference; lastKnownFileType = file.xib; path = CustomTitleView.xib; sourceTree = "<group>"; };
		1FCF1A8922AF890F007F6014 /* MediaCollectionViewCell.swift */ = {isa = PBXFileReference; lastKnownFileType = sourcecode.swift; path = MediaCollectionViewCell.swift; sourceTree = "<group>"; };
		1FE013C52298F13000CA4EFC /* location.png */ = {isa = PBXFileReference; lastKnownFileType = image.png; path = location.png; sourceTree = "<group>"; };
		1FE013C72298F64100CA4EFC /* CalendarViewController.swift */ = {isa = PBXFileReference; fileEncoding = 4; lastKnownFileType = sourcecode.swift; path = CalendarViewController.swift; sourceTree = "<group>"; };
		1FE013C92299131A00CA4EFC /* SectionHeaderCollectionReusableView.swift */ = {isa = PBXFileReference; lastKnownFileType = sourcecode.swift; path = SectionHeaderCollectionReusableView.swift; sourceTree = "<group>"; };
		1FE013CD229916F600CA4EFC /* AppointmentFilterCollectionViewCell.swift */ = {isa = PBXFileReference; lastKnownFileType = sourcecode.swift; path = AppointmentFilterCollectionViewCell.swift; sourceTree = "<group>"; };
		1FE013CE229916F600CA4EFC /* AppointmentFilterCollectionViewCell.xib */ = {isa = PBXFileReference; lastKnownFileType = file.xib; path = AppointmentFilterCollectionViewCell.xib; sourceTree = "<group>"; };
		1FE013D122991A4400CA4EFC /* AppointmentsClinicFilterModel.swift */ = {isa = PBXFileReference; lastKnownFileType = sourcecode.swift; path = AppointmentsClinicFilterModel.swift; sourceTree = "<group>"; };
		1FE013D322996E5400CA4EFC /* AppointmentFilterViewController.swift */ = {isa = PBXFileReference; lastKnownFileType = sourcecode.swift; path = AppointmentFilterViewController.swift; sourceTree = "<group>"; };
		1FE013D7229A681700CA4EFC /* SlotsTableViewCell.swift */ = {isa = PBXFileReference; lastKnownFileType = sourcecode.swift; path = SlotsTableViewCell.swift; sourceTree = "<group>"; };
		1FE013D8229A681700CA4EFC /* SlotsTableViewCell.xib */ = {isa = PBXFileReference; lastKnownFileType = file.xib; path = SlotsTableViewCell.xib; sourceTree = "<group>"; };
		1FE013DB229A717E00CA4EFC /* ScheduleDateModel.swift */ = {isa = PBXFileReference; lastKnownFileType = sourcecode.swift; path = ScheduleDateModel.swift; sourceTree = "<group>"; };
		1FE013DD229A8EC200CA4EFC /* SessionScheduleDataModel.swift */ = {isa = PBXFileReference; lastKnownFileType = sourcecode.swift; path = SessionScheduleDataModel.swift; sourceTree = "<group>"; };
		1FE013E3229AA2CE00CA4EFC /* RescheduleViewController.swift */ = {isa = PBXFileReference; lastKnownFileType = sourcecode.swift; path = RescheduleViewController.swift; sourceTree = "<group>"; };
		1FE013E7229AA5EB00CA4EFC /* SessionScheduleModel.swift */ = {isa = PBXFileReference; lastKnownFileType = sourcecode.swift; path = SessionScheduleModel.swift; sourceTree = "<group>"; };
		1FE013EA229ABEDB00CA4EFC /* RescheduleModel.swift */ = {isa = PBXFileReference; lastKnownFileType = sourcecode.swift; path = RescheduleModel.swift; sourceTree = "<group>"; };
		1FE013EC229ABEED00CA4EFC /* RescheduleDataModel.swift */ = {isa = PBXFileReference; lastKnownFileType = sourcecode.swift; path = RescheduleDataModel.swift; sourceTree = "<group>"; };
		1FE013EE229AC48800CA4EFC /* ChangeScheduleViewController.swift */ = {isa = PBXFileReference; lastKnownFileType = sourcecode.swift; path = ChangeScheduleViewController.swift; sourceTree = "<group>"; };
		1FEF4C8822B0C49B00726D94 /* imgSelect.png */ = {isa = PBXFileReference; lastKnownFileType = image.png; path = imgSelect.png; sourceTree = "<group>"; };
		1FEF4C8A22B0C7C400726D94 /* mediaSelect.png */ = {isa = PBXFileReference; lastKnownFileType = image.png; path = mediaSelect.png; sourceTree = "<group>"; };
		1FF88A202295122A00A5C28A /* CalendarDateCollectionViewCell.swift */ = {isa = PBXFileReference; lastKnownFileType = sourcecode.swift; path = CalendarDateCollectionViewCell.swift; sourceTree = "<group>"; };
		1FF88A212295122A00A5C28A /* CalendarDateCollectionViewCell.xib */ = {isa = PBXFileReference; lastKnownFileType = file.xib; path = CalendarDateCollectionViewCell.xib; sourceTree = "<group>"; };
		1FF8E5422282A5890060D7FC /* Schedule.png */ = {isa = PBXFileReference; lastKnownFileType = image.png; path = Schedule.png; sourceTree = "<group>"; };
		1FF8E5432282A5890060D7FC /* Appoint.png */ = {isa = PBXFileReference; lastKnownFileType = image.png; path = Appoint.png; sourceTree = "<group>"; };
		1FF8E5442282A5890060D7FC /* Watch.png */ = {isa = PBXFileReference; lastKnownFileType = image.png; path = Watch.png; sourceTree = "<group>"; };
		1FF8E5452282A58A0060D7FC /* Upload.png */ = {isa = PBXFileReference; lastKnownFileType = image.png; path = Upload.png; sourceTree = "<group>"; };
		1FF8E5462282A58B0060D7FC /* Revenue.png */ = {isa = PBXFileReference; lastKnownFileType = image.png; path = Revenue.png; sourceTree = "<group>"; };
		1FF8E5472282A58B0060D7FC /* Queue.png */ = {isa = PBXFileReference; lastKnownFileType = image.png; path = Queue.png; sourceTree = "<group>"; };
		1FF8E54E2282AAF40060D7FC /* Menprofile.png */ = {isa = PBXFileReference; lastKnownFileType = image.png; path = Menprofile.png; sourceTree = "<group>"; };
		1FF8E54F2282AAF40060D7FC /* Womenprofile.png */ = {isa = PBXFileReference; lastKnownFileType = image.png; path = Womenprofile.png; sourceTree = "<group>"; };
		1FF8E5542282D2060060D7FC /* addImg.png */ = {isa = PBXFileReference; lastKnownFileType = image.png; path = addImg.png; sourceTree = "<group>"; };
		1FF8E5562282E3300060D7FC /* DoctorSpecialityCollectionViewCell.swift */ = {isa = PBXFileReference; lastKnownFileType = sourcecode.swift; path = DoctorSpecialityCollectionViewCell.swift; sourceTree = "<group>"; };
		1FF8E5572282E3300060D7FC /* DoctorSpecialityCollectionViewCell.xib */ = {isa = PBXFileReference; lastKnownFileType = file.xib; path = DoctorSpecialityCollectionViewCell.xib; sourceTree = "<group>"; };
		1FF8E55A2282F9050060D7FC /* DoctorPicturesCollectionViewCell.swift */ = {isa = PBXFileReference; lastKnownFileType = sourcecode.swift; path = DoctorPicturesCollectionViewCell.swift; sourceTree = "<group>"; };
		1FF8E55B2282F9060060D7FC /* DoctorPicturesCollectionViewCell.xib */ = {isa = PBXFileReference; lastKnownFileType = file.xib; path = DoctorPicturesCollectionViewCell.xib; sourceTree = "<group>"; };
		1FF8E55E228304390060D7FC /* DashboardNavigateVC.swift */ = {isa = PBXFileReference; lastKnownFileType = sourcecode.swift; path = DashboardNavigateVC.swift; sourceTree = "<group>"; };
		2AB8A677BBD82A74A38C95B2 /* Pods-TheOneDoctor.release.xcconfig */ = {isa = PBXFileReference; includeInIndex = 1; lastKnownFileType = text.xcconfig; name = "Pods-TheOneDoctor.release.xcconfig"; path = "Target Support Files/Pods-TheOneDoctor/Pods-TheOneDoctor.release.xcconfig"; sourceTree = "<group>"; };
		5BA46FDD80250B863206866A /* Pods-TheOneDoctor.debug.xcconfig */ = {isa = PBXFileReference; includeInIndex = 1; lastKnownFileType = text.xcconfig; name = "Pods-TheOneDoctor.debug.xcconfig"; path = "Target Support Files/Pods-TheOneDoctor/Pods-TheOneDoctor.debug.xcconfig"; sourceTree = "<group>"; };
/* End PBXFileReference section */

/* Begin PBXFrameworksBuildPhase section */
		1F1242332280118600B13213 /* Frameworks */ = {
			isa = PBXFrameworksBuildPhase;
			buildActionMask = 2147483647;
			files = (
				1F0D8785228E78D10011050E /* AVFoundation.framework in Frameworks */,
				2EFE4CE89F5E315E8B0DC5D2 /* Pods_TheOneDoctor.framework in Frameworks */,
			);
			runOnlyForDeploymentPostprocessing = 0;
		};
/* End PBXFrameworksBuildPhase section */

/* Begin PBXGroup section */
		1F044E27229E86CF009CFBF5 /* SlotsCollectionViewCell */ = {
			isa = PBXGroup;
			children = (
				1F044E28229E8738009CFBF5 /* SlotsCollectionViewCell.swift */,
				1F044E29229E8738009CFBF5 /* SlotsCollectionViewCell.xib */,
			);
			path = SlotsCollectionViewCell;
			sourceTree = "<group>";
		};
		1F0D8788228E81360011050E /* AddSpecialityListModel */ = {
			isa = PBXGroup;
			children = (
				1F0D8789228E81640011050E /* AddSpecialityModel.swift */,
			);
			path = AddSpecialityListModel;
			sourceTree = "<group>";
		};
		1F0D8794228EEAB40011050E /* CancelSpecialtiyModel */ = {
			isa = PBXGroup;
			children = (
				1F0D8797228EEAE90011050E /* CancelSpecialityModel.swift */,
			);
			path = CancelSpecialtiyModel;
			sourceTree = "<group>";
		};
		1F12422D2280118600B13213 = {
			isa = PBXGroup;
			children = (
				1F1242382280118600B13213 /* TheOneDoctor */,
				1F1242372280118600B13213 /* Products */,
				9AB46CCC1B19DE000AAFEF61 /* Pods */,
				C09E11970DB58403E8468AB5 /* Frameworks */,
			);
			sourceTree = "<group>";
		};
		1F1242372280118600B13213 /* Products */ = {
			isa = PBXGroup;
			children = (
				1F1242362280118600B13213 /* TheOneDoctor.app */,
			);
			name = Products;
			sourceTree = "<group>";
		};
		1F1242382280118600B13213 /* TheOneDoctor */ = {
			isa = PBXGroup;
			children = (
				1F209A062280676400C48120 /* TheOneDoctor.entitlements */,
				1F12424E2280149600B13213 /* Model */,
				1F124250228014AE00B13213 /* View */,
				1F12424F228014A000B13213 /* Controllers */,
				1F124251228014BC00B13213 /* DataModels */,
				1F1242482280118800B13213 /* Info.plist */,
				1F1AE10522A63CF7003543BB /* AppConstants.swift */,
				1F209A042280675900C48120 /* GoogleService-Info.plist */,
				1F1242662280172800B13213 /* FileUpload.swift */,
				1F55DB802297C5EB00B92E6B /* ScheduleJson.json */,
				1F1242672280172900B13213 /* GenericMethods.swift */,
			);
			path = TheOneDoctor;
			sourceTree = "<group>";
		};
		1F12424E2280149600B13213 /* Model */ = {
			isa = PBXGroup;
			children = (
				1FCF1A8422AF7A73007F6014 /* CustomTitleView */,
				1F044E27229E86CF009CFBF5 /* SlotsCollectionViewCell */,
				1FE013E0229AA18100CA4EFC /* SlotsTableViewCell */,
				1FBE36C92294481D002E32BA /* CalendarCVC */,
				1F1242402280118600B13213 /* TheOneDoctor.xcdatamodeld */,
				1F1242812280559E00B13213 /* EmptyDataVC */,
				1F1242802280558F00B13213 /* APIManager */,
				1F1242782280397800B13213 /* Images */,
				1F1242732280349B00B13213 /* SVGImages */,
				1F12426B228018BD00B13213 /* TheOneDoctor-Bridging-Header.h */,
				1FAAABB922AE9F29004E2A52 /* ButtonTitleView.swift */,
			);
			path = Model;
			sourceTree = "<group>";
		};
		1F12424F228014A000B13213 /* Controllers */ = {
			isa = PBXGroup;
			children = (
				1FAAABB722AE7CE8004E2A52 /* MediaCollectionViewController.swift */,
				1FCF1A8922AF890F007F6014 /* MediaCollectionViewCell.swift */,
				1F1242392280118600B13213 /* AppDelegate.swift */,
				1FE013C72298F64100CA4EFC /* CalendarViewController.swift */,
				1F1242562280159800B13213 /* LoginVC */,
				1F12425A228015CF00B13213 /* HomeVC */,
			);
			path = Controllers;
			sourceTree = "<group>";
		};
		1F124250228014AE00B13213 /* View */ = {
			isa = PBXGroup;
			children = (
				1F12423D2280118600B13213 /* Main.storyboard */,
				1F1242432280118800B13213 /* Assets.xcassets */,
				1F1242452280118800B13213 /* LaunchScreen.storyboard */,
			);
			path = View;
			sourceTree = "<group>";
		};
		1F124251228014BC00B13213 /* DataModels */ = {
			isa = PBXGroup;
			children = (
				1F1AE10D22A69CD3003543BB /* QueueModel */,
				1F351D5F229FA68600681691 /* DashboardModel */,
				1F55DB87229832CF00B92E6B /* AppointmentsModel */,
				1FC3418B2296C16100634EAD /* ScheduleModel */,
				1FB8F3A322818AC0006AF087 /* ProfileModel */,
				1FB8F3992281453A006AF087 /* APIKeyModel */,
				1FB8F3A222816C48006AF087 /* StatusDataModel */,
				1F1242622280168E00B13213 /* SendOTPModel */,
				1F12425D2280165900B13213 /* LoginModel */,
			);
			path = DataModels;
			sourceTree = "<group>";
		};
		1F1242562280159800B13213 /* LoginVC */ = {
			isa = PBXGroup;
			children = (
				1F1242522280158300B13213 /* LoginViewController.swift */,
				1F1242542280158F00B13213 /* OTPVerificationViewController.swift */,
			);
			path = LoginVC;
			sourceTree = "<group>";
		};
		1F124257228015A800B13213 /* ProfileVC */ = {
			isa = PBXGroup;
			children = (
				1F4C669C2284388500453B2E /* DoctorSpecialityCell */,
				1F4C669B2284387900453B2E /* DoctorPicturesCell */,
				1F124258228015BE00B13213 /* ProfileViewController.swift */,
				1FBE36B02293BC5F002E32BA /* DeletePicturesViewController.swift */,
				1FBE36B22293BCCF002E32BA /* DeletePicturesCollectionViewCell.swift */,
				1F0D8786228E7C9C0011050E /* OpenFileViewController.swift */,
				1F4C669D228438C300453B2E /* SpecialityListViewController.swift */,
				1F0C2980228AD07C00C575DB /* SpecialityTableViewCell.swift */,
			);
			path = ProfileVC;
			sourceTree = "<group>";
		};
		1F12425A228015CF00B13213 /* HomeVC */ = {
			isa = PBXGroup;
			children = (
				1F351D5C229F9F5100681691 /* QueueVC */,
				1FC65AEF228D5DC500F889C9 /* DashboardVC */,
				1FC65AE4228D309400F889C9 /* AppointmentsVC */,
				1FBE36BC22942AD6002E32BA /* ScheduleVC */,
				1F124257228015A800B13213 /* ProfileVC */,
			);
			path = HomeVC;
			sourceTree = "<group>";
		};
		1F12425D2280165900B13213 /* LoginModel */ = {
			isa = PBXGroup;
			children = (
				1F12425E2280166F00B13213 /* LoginModel.swift */,
				1F1242602280168500B13213 /* LoginUserDataModel.swift */,
			);
			path = LoginModel;
			sourceTree = "<group>";
		};
		1F1242622280168E00B13213 /* SendOTPModel */ = {
			isa = PBXGroup;
			children = (
				1F12427E2280551500B13213 /* SendOTPModel.swift */,
			);
			path = SendOTPModel;
			sourceTree = "<group>";
		};
		1F1242732280349B00B13213 /* SVGImages */ = {
			isa = PBXGroup;
			children = (
				1F124274228034AA00B13213 /* phone.svg */,
				1FC65AED228D450200F889C9 /* filter.svg */,
			);
			path = SVGImages;
			sourceTree = "<group>";
		};
		1F1242782280397800B13213 /* Images */ = {
			isa = PBXGroup;
			children = (
				1F351D3E229F9E2200681691 /* QueueImages */,
				1FF8E5412282A5680060D7FC /* DoctorDashboard */,
				1F4C6699228434D700453B2E /* EditProfPic.png */,
				1FC341832296A7C500634EAD /* Email.png */,
				1FC341852296A8D600634EAD /* edit.png */,
				1FE013C52298F13000CA4EFC /* location.png */,
				1FC341892296AA1000634EAD /* editing.png */,
				1FC341802296621C00634EAD /* errorImg.png */,
				1FEF4C8822B0C49B00726D94 /* imgSelect.png */,
				1FC341872296A91200634EAD /* Settings.png */,
				1FEF4C8A22B0C7C400726D94 /* mediaSelect.png */,
				1FC3417F2296621B00634EAD /* loaderImg.png */,
				1FA27EA522829AB500759E6A /* emptyProfile.png */,
				1F1BFD81228C438E0005D927 /* ProfileBGImg.png */,
				1FC3419D2296DFFD00634EAD /* reload.png */,
				1FF8E54E2282AAF40060D7FC /* Menprofile.png */,
				1FF8E54F2282AAF40060D7FC /* Womenprofile.png */,
				1F12427A2280399100B13213 /* homeBg01.png */,
				1FF8E5542282D2060060D7FC /* addImg.png */,
				1F1242792280399000B13213 /* logo.png */,
			);
			path = Images;
			sourceTree = "<group>";
		};
		1F1242802280558F00B13213 /* APIManager */ = {
			isa = PBXGroup;
			children = (
				1F124282228055F000B13213 /* APIManager.swift */,
				1F12426F228018F900B13213 /* WebAPIHelper.swift */,
				1F124270228018F900B13213 /* ReachabilityManager.swift */,
			);
			path = APIManager;
			sourceTree = "<group>";
		};
		1F1242812280559E00B13213 /* EmptyDataVC */ = {
			isa = PBXGroup;
			children = (
				1F12426C228018BE00B13213 /* UIScrollView+EmptyDataSet.h */,
				1F12426D228018BE00B13213 /* UIScrollView+EmptyDataSet.m */,
			);
			path = EmptyDataVC;
			sourceTree = "<group>";
		};
		1F18A69C22A4E5FE003A2984 /* UpdateScheduleModel */ = {
			isa = PBXGroup;
			children = (
				1F18A69D22A4E622003A2984 /* UpdateScheduleModel.swift */,
			);
			path = UpdateScheduleModel;
			sourceTree = "<group>";
		};
		1F1AE10D22A69CD3003543BB /* QueueModel */ = {
			isa = PBXGroup;
			children = (
				1F1AE10E22A69CED003543BB /* QueueModel.swift */,
				1F1AE11522A69FF3003543BB /* QueueAppointmentModel.swift */,
				1F1AE11322A69F64003543BB /* QueueDataModel.swift */,
			);
			path = QueueModel;
			sourceTree = "<group>";
		};
		1F1C0F24229BAC1500A0736B /* AppointmentCells */ = {
			isa = PBXGroup;
			children = (
				1FE013CD229916F600CA4EFC /* AppointmentFilterCollectionViewCell.swift */,
				1FE013CE229916F600CA4EFC /* AppointmentFilterCollectionViewCell.xib */,
				1FE013C92299131A00CA4EFC /* SectionHeaderCollectionReusableView.swift */,
			);
			path = AppointmentCells;
			sourceTree = "<group>";
		};
		1F351D3E229F9E2200681691 /* QueueImages */ = {
			isa = PBXGroup;
			children = (
				1F351D44229F9E5100681691 /* green-man.png */,
				1F351D43229F9E5100681691 /* green-wom.png */,
				1F351D42229F9E5000681691 /* man_NOT.png */,
				1F351D3F229F9E5000681691 /* red_wom.png */,
				1F351D41229F9E5000681691 /* red-man.png */,
				1F351D40229F9E5000681691 /* Wom_NOT.png */,
				1F351D45229F9E5100681691 /* Wom_OTP.png */,
				1FB0F0B922A7F4A2005D5504 /* man_OTP.png */,
			);
			path = QueueImages;
			sourceTree = "<group>";
		};
		1F351D5C229F9F5100681691 /* QueueVC */ = {
			isa = PBXGroup;
			children = (
				1F351D5D229F9F7E00681691 /* QueueViewController.swift */,
			);
			path = QueueVC;
			sourceTree = "<group>";
		};
		1F351D5F229FA68600681691 /* DashboardModel */ = {
			isa = PBXGroup;
			children = (
				1F351D60229FA71600681691 /* DashboardModel.swift */,
				1F351D62229FA7FA00681691 /* DashboardDataModel.swift */,
			);
			path = DashboardModel;
			sourceTree = "<group>";
		};
		1F4C669B2284387900453B2E /* DoctorPicturesCell */ = {
			isa = PBXGroup;
			children = (
				1FF8E55A2282F9050060D7FC /* DoctorPicturesCollectionViewCell.swift */,
				1FF8E55B2282F9060060D7FC /* DoctorPicturesCollectionViewCell.xib */,
			);
			path = DoctorPicturesCell;
			sourceTree = "<group>";
		};
		1F4C669C2284388500453B2E /* DoctorSpecialityCell */ = {
			isa = PBXGroup;
			children = (
				1FF8E5562282E3300060D7FC /* DoctorSpecialityCollectionViewCell.swift */,
				1FF8E5572282E3300060D7FC /* DoctorSpecialityCollectionViewCell.xib */,
			);
			path = DoctorSpecialityCell;
			sourceTree = "<group>";
		};
		1F55DB87229832CF00B92E6B /* AppointmentsModel */ = {
			isa = PBXGroup;
			children = (
				1F55DB88229832DA00B92E6B /* AppointmentsModel.swift */,
				1F55DB8A229832EE00B92E6B /* AppointmentsDataModel.swift */,
				1F55DB8C2298331200B92E6B /* AppointmentsFilterModel.swift */,
				1FE013D122991A4400CA4EFC /* AppointmentsClinicFilterModel.swift */,
			);
			path = AppointmentsModel;
			sourceTree = "<group>";
		};
		1FB8F3992281453A006AF087 /* APIKeyModel */ = {
			isa = PBXGroup;
			children = (
				1FB8F39A2281455E006AF087 /* CreateAPIKeyModel.swift */,
				1FB8F39C2281471A006AF087 /* UpdateKeyAPIModel.swift */,
			);
			path = APIKeyModel;
			sourceTree = "<group>";
		};
		1FB8F3A222816C48006AF087 /* StatusDataModel */ = {
			isa = PBXGroup;
			children = (
				1FB8F3A0228167F9006AF087 /* StatusDataModel.swift */,
			);
			path = StatusDataModel;
			sourceTree = "<group>";
		};
		1FB8F3A322818AC0006AF087 /* ProfileModel */ = {
			isa = PBXGroup;
			children = (
				1FBE36BB2294219E002E32BA /* ProfileUpdateModel */,
				1FBE36B62293D8DB002E32BA /* DeletePicModel */,
				1F0D8794228EEAB40011050E /* CancelSpecialtiyModel */,
				1F0D8788228E81360011050E /* AddSpecialityListModel */,
				1FB8F3A422818ADB006AF087 /* ProfileModel.swift */,
				1FB8F3A622818AF0006AF087 /* ProfileDataModel.swift */,
				1FC65AF0228D5F8400F889C9 /* ProfileSpecialityDataModel.swift */,
				1F0D8792228EE9E50011050E /* SubSpecialityDataModel.swift */,
			);
			path = ProfileModel;
			sourceTree = "<group>";
		};
		1FBE36B62293D8DB002E32BA /* DeletePicModel */ = {
			isa = PBXGroup;
			children = (
				1FBE36B72293D8F4002E32BA /* DeletePicModel.swift */,
			);
			path = DeletePicModel;
			sourceTree = "<group>";
		};
		1FBE36BB2294219E002E32BA /* ProfileUpdateModel */ = {
			isa = PBXGroup;
			children = (
				1FBE36B92294219A002E32BA /* ProfileUpdateModel.swift */,
			);
			path = ProfileUpdateModel;
			sourceTree = "<group>";
		};
		1FBE36BC22942AD6002E32BA /* ScheduleVC */ = {
			isa = PBXGroup;
			children = (
				1FE013E2229AA2AA00CA4EFC /* RescheduleViewController */,
				1FE013DF229AA13F00CA4EFC /* ScheduleViewController */,
				1FBE36C022942B6C002E32BA /* AddNormalScheduleVC */,
				1FBE36BF22942B5F002E32BA /* AddVIPScheduleVC */,
			);
			path = ScheduleVC;
			sourceTree = "<group>";
		};
		1FBE36BF22942B5F002E32BA /* AddVIPScheduleVC */ = {
			isa = PBXGroup;
			children = (
				1FBE36C322942BCA002E32BA /* AddVIPScheduleViewController.swift */,
			);
			path = AddVIPScheduleVC;
			sourceTree = "<group>";
		};
		1FBE36C022942B6C002E32BA /* AddNormalScheduleVC */ = {
			isa = PBXGroup;
			children = (
				1FBE36C122942BB1002E32BA /* AddScheduleViewController.swift */,
				1FB56D0922952EEA005A70B4 /* AddNormalScheduleTVC.swift */,
			);
			path = AddNormalScheduleVC;
			sourceTree = "<group>";
		};
		1FBE36C92294481D002E32BA /* CalendarCVC */ = {
			isa = PBXGroup;
			children = (
				1FF88A202295122A00A5C28A /* CalendarDateCollectionViewCell.swift */,
				1FF88A212295122A00A5C28A /* CalendarDateCollectionViewCell.xib */,
			);
			path = CalendarCVC;
			sourceTree = "<group>";
		};
		1FBE36CE22944877002E32BA /* AddScheduleTVC */ = {
			isa = PBXGroup;
			children = (
				1FBE36C52294374B002E32BA /* AddScheduleTableViewCell.swift */,
				1FBE36C62294374B002E32BA /* AddScheduleTableViewCell.xib */,
			);
			path = AddScheduleTVC;
			sourceTree = "<group>";
		};
		1FC3418B2296C16100634EAD /* ScheduleModel */ = {
			isa = PBXGroup;
			children = (
				1FE013E9229ABEBA00CA4EFC /* RescheduleModel */,
				1FC341922296C1D200634EAD /* AddVIPScheduleModel */,
				1FC3418E2296C19E00634EAD /* AddScheduleModel */,
				1F18A69C22A4E5FE003A2984 /* UpdateScheduleModel */,
				1FC3418C2296C17900634EAD /* ScheduleModel.swift */,
				1F55DB8222982B5A00B92E6B /* ScheduleDataModel.swift */,
				1F55DB8422982C4700B92E6B /* ScheduleClinicDataModel.swift */,
			);
			path = ScheduleModel;
			sourceTree = "<group>";
		};
		1FC3418E2296C19E00634EAD /* AddScheduleModel */ = {
			isa = PBXGroup;
			children = (
				1FC3418F2296C1BF00634EAD /* AddScheduleModel.swift */,
				1FC3419F2296E96900634EAD /* AddScheduleDataModel.swift */,
				1F18A6A222A5240B003A2984 /* AppointmentScheduleModel.swift */,
				1F1AE11122A69E94003543BB /* VIPScheduleModel.swift */,
			);
			path = AddScheduleModel;
			sourceTree = "<group>";
		};
		1FC341922296C1D200634EAD /* AddVIPScheduleModel */ = {
			isa = PBXGroup;
			children = (
				1FC341932296C1EC00634EAD /* AddVIPScheduleModel.swift */,
				1FE013DB229A717E00CA4EFC /* ScheduleDateModel.swift */,
				1FE013E7229AA5EB00CA4EFC /* SessionScheduleModel.swift */,
				1FE013DD229A8EC200CA4EFC /* SessionScheduleDataModel.swift */,
			);
			path = AddVIPScheduleModel;
			sourceTree = "<group>";
		};
		1FC65AE4228D309400F889C9 /* AppointmentsVC */ = {
			isa = PBXGroup;
			children = (
				1FE013E1229AA25900CA4EFC /* AppointmentFilterVC */,
				1FC65AEB228D39EF00F889C9 /* AppointmentsViewController.swift */,
				1FC65AE9228D34D400F889C9 /* AppointmentsTableViewCell.swift */,
			);
			path = AppointmentsVC;
			sourceTree = "<group>";
		};
		1FC65AEF228D5DC500F889C9 /* DashboardVC */ = {
			isa = PBXGroup;
			children = (
				1FF8E55E228304390060D7FC /* DashboardNavigateVC.swift */,
				1F12425B228015E100B13213 /* DashboardViewController.swift */,
				1FB8F3A82281B283006AF087 /* DashboardCollectionViewCell.swift */,
			);
			path = DashboardVC;
			sourceTree = "<group>";
		};
		1FCF1A8422AF7A73007F6014 /* CustomTitleView */ = {
			isa = PBXGroup;
			children = (
				1FCF1A8522AF7A9B007F6014 /* CustomTitleView.swift */,
				1FCF1A8722AF7AAC007F6014 /* CustomTitleView.xib */,
			);
			path = CustomTitleView;
			sourceTree = "<group>";
		};
		1FE013DF229AA13F00CA4EFC /* ScheduleViewController */ = {
			isa = PBXGroup;
			children = (
				1FBE36BD22942AF2002E32BA /* ScheduleViewController.swift */,
				1FBE36CE22944877002E32BA /* AddScheduleTVC */,
			);
			path = ScheduleViewController;
			sourceTree = "<group>";
		};
		1FE013E0229AA18100CA4EFC /* SlotsTableViewCell */ = {
			isa = PBXGroup;
			children = (
				1FE013D7229A681700CA4EFC /* SlotsTableViewCell.swift */,
				1FE013D8229A681700CA4EFC /* SlotsTableViewCell.xib */,
			);
			path = SlotsTableViewCell;
			sourceTree = "<group>";
		};
		1FE013E1229AA25900CA4EFC /* AppointmentFilterVC */ = {
			isa = PBXGroup;
			children = (
				1F1C0F24229BAC1500A0736B /* AppointmentCells */,
				1FE013D322996E5400CA4EFC /* AppointmentFilterViewController.swift */,
			);
			path = AppointmentFilterVC;
			sourceTree = "<group>";
		};
		1FE013E2229AA2AA00CA4EFC /* RescheduleViewController */ = {
			isa = PBXGroup;
			children = (
				1FE013E3229AA2CE00CA4EFC /* RescheduleViewController.swift */,
				1FE013EE229AC48800CA4EFC /* ChangeScheduleViewController.swift */,
			);
			path = RescheduleViewController;
			sourceTree = "<group>";
		};
		1FE013E9229ABEBA00CA4EFC /* RescheduleModel */ = {
			isa = PBXGroup;
			children = (
				1FE013EA229ABEDB00CA4EFC /* RescheduleModel.swift */,
				1FE013EC229ABEED00CA4EFC /* RescheduleDataModel.swift */,
			);
			name = RescheduleModel;
			path = RescheduleModel.temp_caseinsensitive_rename.;
			sourceTree = "<group>";
		};
		1FF8E5412282A5680060D7FC /* DoctorDashboard */ = {
			isa = PBXGroup;
			children = (
				1FBE36B42293D651002E32BA /* closeBtn.png */,
				1FF8E5432282A5890060D7FC /* Appoint.png */,
				1FF8E5472282A58B0060D7FC /* Queue.png */,
				1FF8E5462282A58B0060D7FC /* Revenue.png */,
				1FF8E5422282A5890060D7FC /* Schedule.png */,
				1FF8E5442282A5890060D7FC /* Watch.png */,
				1FF8E5452282A58A0060D7FC /* Upload.png */,
			);
			path = DoctorDashboard;
			sourceTree = "<group>";
		};
		9AB46CCC1B19DE000AAFEF61 /* Pods */ = {
			isa = PBXGroup;
			children = (
				5BA46FDD80250B863206866A /* Pods-TheOneDoctor.debug.xcconfig */,
				2AB8A677BBD82A74A38C95B2 /* Pods-TheOneDoctor.release.xcconfig */,
			);
			path = Pods;
			sourceTree = "<group>";
		};
		C09E11970DB58403E8468AB5 /* Frameworks */ = {
			isa = PBXGroup;
			children = (
				1F0D8784228E78D00011050E /* AVFoundation.framework */,
				11322340E5DB8F35F5F4064F /* Pods_TheOneDoctor.framework */,
			);
			name = Frameworks;
			sourceTree = "<group>";
		};
/* End PBXGroup section */

/* Begin PBXNativeTarget section */
		1F1242352280118600B13213 /* TheOneDoctor */ = {
			isa = PBXNativeTarget;
			buildConfigurationList = 1F12424B2280118800B13213 /* Build configuration list for PBXNativeTarget "TheOneDoctor" */;
			buildPhases = (
				5758DE98FA9CF7FB1C066ABE /* [CP] Check Pods Manifest.lock */,
				1F1242322280118600B13213 /* Sources */,
				1F1242332280118600B13213 /* Frameworks */,
				1F1242342280118600B13213 /* Resources */,
				2140194C34F3CEDE384043C9 /* [CP] Embed Pods Frameworks */,
			);
			buildRules = (
			);
			dependencies = (
			);
			name = TheOneDoctor;
			productName = TheOneDoctor;
			productReference = 1F1242362280118600B13213 /* TheOneDoctor.app */;
			productType = "com.apple.product-type.application";
		};
/* End PBXNativeTarget section */

/* Begin PBXProject section */
		1F12422E2280118600B13213 /* Project object */ = {
			isa = PBXProject;
			attributes = {
				LastSwiftUpdateCheck = 1020;
				LastUpgradeCheck = 1020;
				ORGANIZATIONNAME = MyMac;
				TargetAttributes = {
					1F1242352280118600B13213 = {
						CreatedOnToolsVersion = 10.2.1;
						LastSwiftMigration = 1020;
						SystemCapabilities = {
							com.apple.BackgroundModes = {
								enabled = 1;
							};
							com.apple.Push = {
								enabled = 1;
							};
						};
					};
				};
			};
			buildConfigurationList = 1F1242312280118600B13213 /* Build configuration list for PBXProject "TheOneDoctor" */;
			compatibilityVersion = "Xcode 9.3";
			developmentRegion = en;
			hasScannedForEncodings = 0;
			knownRegions = (
				en,
				Base,
			);
			mainGroup = 1F12422D2280118600B13213;
			productRefGroup = 1F1242372280118600B13213 /* Products */;
			projectDirPath = "";
			projectRoot = "";
			targets = (
				1F1242352280118600B13213 /* TheOneDoctor */,
			);
		};
/* End PBXProject section */

/* Begin PBXResourcesBuildPhase section */
		1F1242342280118600B13213 /* Resources */ = {
			isa = PBXResourcesBuildPhase;
			buildActionMask = 2147483647;
			files = (
				1FA27EA622829AB600759E6A /* emptyProfile.png in Resources */,
				1FF8E5492282A58C0060D7FC /* Appoint.png in Resources */,
				1FB0F0BA22A7F4A3005D5504 /* man_OTP.png in Resources */,
				1FEF4C8922B0C49B00726D94 /* imgSelect.png in Resources */,
				1FF8E55D2282F9060060D7FC /* DoctorPicturesCollectionViewCell.xib in Resources */,
				1FC341822296621C00634EAD /* errorImg.png in Resources */,
				1FF8E54C2282A58C0060D7FC /* Revenue.png in Resources */,
				1F1242472280118800B13213 /* LaunchScreen.storyboard in Resources */,
				1F12427B2280399100B13213 /* logo.png in Resources */,
				1F124275228034AA00B13213 /* phone.svg in Resources */,
				1F4C669A228434D700453B2E /* EditProfPic.png in Resources */,
				1F1BFD82228C438F0005D927 /* ProfileBGImg.png in Resources */,
				1FE013D0229916F600CA4EFC /* AppointmentFilterCollectionViewCell.xib in Resources */,
				1FCF1A8822AF7AAC007F6014 /* CustomTitleView.xib in Resources */,
				1FF8E5502282AAF50060D7FC /* Menprofile.png in Resources */,
				1FF88A232295122A00A5C28A /* CalendarDateCollectionViewCell.xib in Resources */,
				1FC3418A2296AA1100634EAD /* editing.png in Resources */,
				1FF8E54A2282A58C0060D7FC /* Watch.png in Resources */,
				1FEF4C8B22B0C7C500726D94 /* mediaSelect.png in Resources */,
				1FF8E54D2282A58C0060D7FC /* Queue.png in Resources */,
				1F1242442280118800B13213 /* Assets.xcassets in Resources */,
				1F351D46229F9E5100681691 /* red_wom.png in Resources */,
				1F044E2B229E8738009CFBF5 /* SlotsCollectionViewCell.xib in Resources */,
				1FC341812296621C00634EAD /* loaderImg.png in Resources */,
				1FC341842296A7C500634EAD /* Email.png in Resources */,
				1FF8E5592282E3300060D7FC /* DoctorSpecialityCollectionViewCell.xib in Resources */,
				1FF8E5512282AAF50060D7FC /* Womenprofile.png in Resources */,
				1FC3419E2296DFFD00634EAD /* reload.png in Resources */,
				1FBE36B52293D651002E32BA /* closeBtn.png in Resources */,
				1F351D4B229F9E5100681691 /* green-man.png in Resources */,
				1FC341882296A91300634EAD /* Settings.png in Resources */,
				1F351D4C229F9E5100681691 /* Wom_OTP.png in Resources */,
				1F351D48229F9E5100681691 /* red-man.png in Resources */,
				1F55DB812297C5EB00B92E6B /* ScheduleJson.json in Resources */,
				1F12427C2280399100B13213 /* homeBg01.png in Resources */,
				1F351D47229F9E5100681691 /* Wom_NOT.png in Resources */,
				1F351D49229F9E5100681691 /* man_NOT.png in Resources */,
				1F351D4A229F9E5100681691 /* green-wom.png in Resources */,
				1FC341862296A8D700634EAD /* edit.png in Resources */,
				1FC65AEE228D450300F889C9 /* filter.svg in Resources */,
				1FF8E5482282A58C0060D7FC /* Schedule.png in Resources */,
				1FE013C62298F13000CA4EFC /* location.png in Resources */,
				1FF8E5552282D2070060D7FC /* addImg.png in Resources */,
				1F12423F2280118600B13213 /* Main.storyboard in Resources */,
				1FF8E54B2282A58C0060D7FC /* Upload.png in Resources */,
				1FBE36C82294374B002E32BA /* AddScheduleTableViewCell.xib in Resources */,
				1F209A052280675900C48120 /* GoogleService-Info.plist in Resources */,
				1FE013DA229A681700CA4EFC /* SlotsTableViewCell.xib in Resources */,
			);
			runOnlyForDeploymentPostprocessing = 0;
		};
/* End PBXResourcesBuildPhase section */

/* Begin PBXShellScriptBuildPhase section */
		2140194C34F3CEDE384043C9 /* [CP] Embed Pods Frameworks */ = {
			isa = PBXShellScriptBuildPhase;
			buildActionMask = 2147483647;
			files = (
			);
			inputFileListPaths = (
			);
			inputPaths = (
				"${PODS_ROOT}/Target Support Files/Pods-TheOneDoctor/Pods-TheOneDoctor-frameworks.sh",
				"${BUILT_PRODUCTS_DIR}/ACFloatingTextfield-Swift/ACFloatingTextfield_Swift.framework",
				"${BUILT_PRODUCTS_DIR}/Alamofire/Alamofire.framework",
				"${BUILT_PRODUCTS_DIR}/AlamofireObjectMapper/AlamofireObjectMapper.framework",
				"${BUILT_PRODUCTS_DIR}/BSGridCollectionViewLayout/BSGridCollectionViewLayout.framework",
				"${BUILT_PRODUCTS_DIR}/BSImagePicker/BSImagePicker.framework",
				"${BUILT_PRODUCTS_DIR}/BSImageView/BSImageView.framework",
				"${BUILT_PRODUCTS_DIR}/DLRadioButton/DLRadioButton.framework",
				"${BUILT_PRODUCTS_DIR}/GoogleUtilities/GoogleUtilities.framework",
				"${BUILT_PRODUCTS_DIR}/JTAppleCalendar/JTAppleCalendar.framework",
				"${BUILT_PRODUCTS_DIR}/MBProgressHUD/MBProgressHUD.framework",
				"${BUILT_PRODUCTS_DIR}/ObjectMapper/ObjectMapper.framework",
				"${BUILT_PRODUCTS_DIR}/Protobuf/Protobuf.framework",
				"${BUILT_PRODUCTS_DIR}/ReachabilitySwift/Reachability.framework",
				"${BUILT_PRODUCTS_DIR}/SDWebImage/SDWebImage.framework",
				"${BUILT_PRODUCTS_DIR}/SwiftSVG/SwiftSVG.framework",
				"${BUILT_PRODUCTS_DIR}/nanopb/nanopb.framework",
			);
			name = "[CP] Embed Pods Frameworks";
			outputFileListPaths = (
			);
			outputPaths = (
				"${TARGET_BUILD_DIR}/${FRAMEWORKS_FOLDER_PATH}/ACFloatingTextfield_Swift.framework",
				"${TARGET_BUILD_DIR}/${FRAMEWORKS_FOLDER_PATH}/Alamofire.framework",
				"${TARGET_BUILD_DIR}/${FRAMEWORKS_FOLDER_PATH}/AlamofireObjectMapper.framework",
				"${TARGET_BUILD_DIR}/${FRAMEWORKS_FOLDER_PATH}/BSGridCollectionViewLayout.framework",
				"${TARGET_BUILD_DIR}/${FRAMEWORKS_FOLDER_PATH}/BSImagePicker.framework",
				"${TARGET_BUILD_DIR}/${FRAMEWORKS_FOLDER_PATH}/BSImageView.framework",
				"${TARGET_BUILD_DIR}/${FRAMEWORKS_FOLDER_PATH}/DLRadioButton.framework",
				"${TARGET_BUILD_DIR}/${FRAMEWORKS_FOLDER_PATH}/GoogleUtilities.framework",
				"${TARGET_BUILD_DIR}/${FRAMEWORKS_FOLDER_PATH}/JTAppleCalendar.framework",
				"${TARGET_BUILD_DIR}/${FRAMEWORKS_FOLDER_PATH}/MBProgressHUD.framework",
				"${TARGET_BUILD_DIR}/${FRAMEWORKS_FOLDER_PATH}/ObjectMapper.framework",
				"${TARGET_BUILD_DIR}/${FRAMEWORKS_FOLDER_PATH}/Protobuf.framework",
				"${TARGET_BUILD_DIR}/${FRAMEWORKS_FOLDER_PATH}/Reachability.framework",
				"${TARGET_BUILD_DIR}/${FRAMEWORKS_FOLDER_PATH}/SDWebImage.framework",
				"${TARGET_BUILD_DIR}/${FRAMEWORKS_FOLDER_PATH}/SwiftSVG.framework",
				"${TARGET_BUILD_DIR}/${FRAMEWORKS_FOLDER_PATH}/nanopb.framework",
			);
			runOnlyForDeploymentPostprocessing = 0;
			shellPath = /bin/sh;
			shellScript = "\"${PODS_ROOT}/Target Support Files/Pods-TheOneDoctor/Pods-TheOneDoctor-frameworks.sh\"\n";
			showEnvVarsInLog = 0;
		};
		5758DE98FA9CF7FB1C066ABE /* [CP] Check Pods Manifest.lock */ = {
			isa = PBXShellScriptBuildPhase;
			buildActionMask = 2147483647;
			files = (
			);
			inputFileListPaths = (
			);
			inputPaths = (
				"${PODS_PODFILE_DIR_PATH}/Podfile.lock",
				"${PODS_ROOT}/Manifest.lock",
			);
			name = "[CP] Check Pods Manifest.lock";
			outputFileListPaths = (
			);
			outputPaths = (
				"$(DERIVED_FILE_DIR)/Pods-TheOneDoctor-checkManifestLockResult.txt",
			);
			runOnlyForDeploymentPostprocessing = 0;
			shellPath = /bin/sh;
			shellScript = "diff \"${PODS_PODFILE_DIR_PATH}/Podfile.lock\" \"${PODS_ROOT}/Manifest.lock\" > /dev/null\nif [ $? != 0 ] ; then\n    # print error to STDERR\n    echo \"error: The sandbox is not in sync with the Podfile.lock. Run 'pod install' or update your CocoaPods installation.\" >&2\n    exit 1\nfi\n# This output is used by Xcode 'outputs' to avoid re-running this script phase.\necho \"SUCCESS\" > \"${SCRIPT_OUTPUT_FILE_0}\"\n";
			showEnvVarsInLog = 0;
		};
/* End PBXShellScriptBuildPhase section */

/* Begin PBXSourcesBuildPhase section */
		1F1242322280118600B13213 /* Sources */ = {
			isa = PBXSourcesBuildPhase;
			buildActionMask = 2147483647;
			files = (
				1F351D61229FA71600681691 /* DashboardModel.swift in Sources */,
				1F0D8787228E7C9C0011050E /* OpenFileViewController.swift in Sources */,
				1FAAABB822AE7CE8004E2A52 /* MediaCollectionViewController.swift in Sources */,
				1FAAABBA22AE9F29004E2A52 /* ButtonTitleView.swift in Sources */,
				1FF88A222295122A00A5C28A /* CalendarDateCollectionViewCell.swift in Sources */,
				1FE013DC229A717E00CA4EFC /* ScheduleDateModel.swift in Sources */,
				1F124283228055F000B13213 /* APIManager.swift in Sources */,
				1F55DB8D2298331200B92E6B /* AppointmentsFilterModel.swift in Sources */,
				1F351D63229FA7FA00681691 /* DashboardDataModel.swift in Sources */,
				1FBE36B12293BC5F002E32BA /* DeletePicturesViewController.swift in Sources */,
				1F4C669E228438C300453B2E /* SpecialityListViewController.swift in Sources */,
				1F55DB89229832DA00B92E6B /* AppointmentsModel.swift in Sources */,
				1FE013CF229916F600CA4EFC /* AppointmentFilterCollectionViewCell.swift in Sources */,
				1F55DB8B229832EE00B92E6B /* AppointmentsDataModel.swift in Sources */,
				1FB8F3A92281B283006AF087 /* DashboardCollectionViewCell.swift in Sources */,
				1FCF1A8A22AF890F007F6014 /* MediaCollectionViewCell.swift in Sources */,
				1F12427F2280551500B13213 /* SendOTPModel.swift in Sources */,
				1FBE36C222942BB1002E32BA /* AddScheduleViewController.swift in Sources */,
				1FF8E5582282E3300060D7FC /* DoctorSpecialityCollectionViewCell.swift in Sources */,
				1FC65AEA228D34D400F889C9 /* AppointmentsTableViewCell.swift in Sources */,
				1FC65AF1228D5F8400F889C9 /* ProfileSpecialityDataModel.swift in Sources */,
				1FE013EF229AC48800CA4EFC /* ChangeScheduleViewController.swift in Sources */,
				1FC65AEC228D39EF00F889C9 /* AppointmentsViewController.swift in Sources */,
				1F1242532280158300B13213 /* LoginViewController.swift in Sources */,
				1F0D8798228EEAE90011050E /* CancelSpecialityModel.swift in Sources */,
				1FCF1A8622AF7A9B007F6014 /* CustomTitleView.swift in Sources */,
				1F351D5E229F9F7E00681691 /* QueueViewController.swift in Sources */,
				1FB8F3A722818AF0006AF087 /* ProfileDataModel.swift in Sources */,
				1FB8F3A1228167F9006AF087 /* StatusDataModel.swift in Sources */,
				1F0D878A228E81640011050E /* AddSpecialityModel.swift in Sources */,
				1F0D8793228EE9E50011050E /* SubSpecialityDataModel.swift in Sources */,
				1FB8F39D2281471A006AF087 /* UpdateKeyAPIModel.swift in Sources */,
				1F1AE10F22A69CED003543BB /* QueueModel.swift in Sources */,
				1F124271228018F900B13213 /* WebAPIHelper.swift in Sources */,
				1FE013EB229ABEDB00CA4EFC /* RescheduleModel.swift in Sources */,
				1FB8F39B2281455E006AF087 /* CreateAPIKeyModel.swift in Sources */,
				1FBE36B82293D8F4002E32BA /* DeletePicModel.swift in Sources */,
				1FE013C82298F64200CA4EFC /* CalendarViewController.swift in Sources */,
				1F12425F2280166F00B13213 /* LoginModel.swift in Sources */,
				1F12425C228015E100B13213 /* DashboardViewController.swift in Sources */,
				1FE013CA2299131A00CA4EFC /* SectionHeaderCollectionReusableView.swift in Sources */,
				1FBE36C422942BCA002E32BA /* AddVIPScheduleViewController.swift in Sources */,
				1FC341902296C1BF00634EAD /* AddScheduleModel.swift in Sources */,
				1FE013ED229ABEED00CA4EFC /* RescheduleDataModel.swift in Sources */,
				1FC341A02296E96900634EAD /* AddScheduleDataModel.swift in Sources */,
				1F55DB8522982C4700B92E6B /* ScheduleClinicDataModel.swift in Sources */,
				1FC341942296C1EC00634EAD /* AddVIPScheduleModel.swift in Sources */,
				1F044E2A229E8738009CFBF5 /* SlotsCollectionViewCell.swift in Sources */,
				1F124272228018F900B13213 /* ReachabilityManager.swift in Sources */,
				1F18A69E22A4E622003A2984 /* UpdateScheduleModel.swift in Sources */,
				1F1AE11222A69E94003543BB /* VIPScheduleModel.swift in Sources */,
				1F12426A2280172900B13213 /* GenericMethods.swift in Sources */,
				1FE013E4229AA2CE00CA4EFC /* RescheduleViewController.swift in Sources */,
				1F1AE11622A69FF3003543BB /* QueueAppointmentModel.swift in Sources */,
				1F18A6A322A5240B003A2984 /* AppointmentScheduleModel.swift in Sources */,
				1F12423A2280118600B13213 /* AppDelegate.swift in Sources */,
				1F1242692280172900B13213 /* FileUpload.swift in Sources */,
				1F124259228015BE00B13213 /* ProfileViewController.swift in Sources */,
				1FBE36C72294374B002E32BA /* AddScheduleTableViewCell.swift in Sources */,
				1F1AE11422A69F64003543BB /* QueueDataModel.swift in Sources */,
				1FF8E55F228304390060D7FC /* DashboardNavigateVC.swift in Sources */,
				1F1AE10622A63CF7003543BB /* AppConstants.swift in Sources */,
				1FC3418D2296C17900634EAD /* ScheduleModel.swift in Sources */,
				1F1242422280118600B13213 /* TheOneDoctor.xcdatamodeld in Sources */,
				1FE013D9229A681700CA4EFC /* SlotsTableViewCell.swift in Sources */,
				1FF8E55C2282F9060060D7FC /* DoctorPicturesCollectionViewCell.swift in Sources */,
				1FB8F3A522818ADB006AF087 /* ProfileModel.swift in Sources */,
				1FBE36BA2294219A002E32BA /* ProfileUpdateModel.swift in Sources */,
				1FE013D222991A4400CA4EFC /* AppointmentsClinicFilterModel.swift in Sources */,
				1FE013DE229A8EC200CA4EFC /* SessionScheduleDataModel.swift in Sources */,
				1F55DB8322982B5A00B92E6B /* ScheduleDataModel.swift in Sources */,
				1FE013D422996E5400CA4EFC /* AppointmentFilterViewController.swift in Sources */,
				1FE013E8229AA5EB00CA4EFC /* SessionScheduleModel.swift in Sources */,
				1F1242612280168500B13213 /* LoginUserDataModel.swift in Sources */,
				1FB56D0A22952EEA005A70B4 /* AddNormalScheduleTVC.swift in Sources */,
				1F1242552280158F00B13213 /* OTPVerificationViewController.swift in Sources */,
				1FBE36BE22942AF2002E32BA /* ScheduleViewController.swift in Sources */,
				1F12426E228018BE00B13213 /* UIScrollView+EmptyDataSet.m in Sources */,
				1F0C2981228AD07C00C575DB /* SpecialityTableViewCell.swift in Sources */,
				1FBE36B32293BCCF002E32BA /* DeletePicturesCollectionViewCell.swift in Sources */,
			);
			runOnlyForDeploymentPostprocessing = 0;
		};
/* End PBXSourcesBuildPhase section */

/* Begin PBXVariantGroup section */
		1F12423D2280118600B13213 /* Main.storyboard */ = {
			isa = PBXVariantGroup;
			children = (
				1F12423E2280118600B13213 /* Base */,
			);
			name = Main.storyboard;
			sourceTree = "<group>";
		};
		1F1242452280118800B13213 /* LaunchScreen.storyboard */ = {
			isa = PBXVariantGroup;
			children = (
				1F1242462280118800B13213 /* Base */,
			);
			name = LaunchScreen.storyboard;
			sourceTree = "<group>";
		};
/* End PBXVariantGroup section */

/* Begin XCBuildConfiguration section */
		1F1242492280118800B13213 /* Debug */ = {
			isa = XCBuildConfiguration;
			buildSettings = {
				ALWAYS_SEARCH_USER_PATHS = NO;
				CLANG_ANALYZER_NONNULL = YES;
				CLANG_ANALYZER_NUMBER_OBJECT_CONVERSION = YES_AGGRESSIVE;
				CLANG_CXX_LANGUAGE_STANDARD = "gnu++14";
				CLANG_CXX_LIBRARY = "libc++";
				CLANG_ENABLE_MODULES = YES;
				CLANG_ENABLE_OBJC_ARC = YES;
				CLANG_ENABLE_OBJC_WEAK = YES;
				CLANG_WARN_BLOCK_CAPTURE_AUTORELEASING = YES;
				CLANG_WARN_BOOL_CONVERSION = YES;
				CLANG_WARN_COMMA = YES;
				CLANG_WARN_CONSTANT_CONVERSION = YES;
				CLANG_WARN_DEPRECATED_OBJC_IMPLEMENTATIONS = YES;
				CLANG_WARN_DIRECT_OBJC_ISA_USAGE = YES_ERROR;
				CLANG_WARN_DOCUMENTATION_COMMENTS = YES;
				CLANG_WARN_EMPTY_BODY = YES;
				CLANG_WARN_ENUM_CONVERSION = YES;
				CLANG_WARN_INFINITE_RECURSION = YES;
				CLANG_WARN_INT_CONVERSION = YES;
				CLANG_WARN_NON_LITERAL_NULL_CONVERSION = YES;
				CLANG_WARN_OBJC_IMPLICIT_RETAIN_SELF = YES;
				CLANG_WARN_OBJC_LITERAL_CONVERSION = YES;
				CLANG_WARN_OBJC_ROOT_CLASS = YES_ERROR;
				CLANG_WARN_RANGE_LOOP_ANALYSIS = YES;
				CLANG_WARN_STRICT_PROTOTYPES = YES;
				CLANG_WARN_SUSPICIOUS_MOVE = YES;
				CLANG_WARN_UNGUARDED_AVAILABILITY = YES_AGGRESSIVE;
				CLANG_WARN_UNREACHABLE_CODE = YES;
				CLANG_WARN__DUPLICATE_METHOD_MATCH = YES;
				CODE_SIGN_IDENTITY = "iPhone Developer";
				COPY_PHASE_STRIP = NO;
				DEBUG_INFORMATION_FORMAT = dwarf;
				ENABLE_STRICT_OBJC_MSGSEND = YES;
				ENABLE_TESTABILITY = YES;
				GCC_C_LANGUAGE_STANDARD = gnu11;
				GCC_DYNAMIC_NO_PIC = NO;
				GCC_NO_COMMON_BLOCKS = YES;
				GCC_OPTIMIZATION_LEVEL = 0;
				GCC_PREPROCESSOR_DEFINITIONS = (
					"DEBUG=1",
					"$(inherited)",
				);
				GCC_WARN_64_TO_32_BIT_CONVERSION = YES;
				GCC_WARN_ABOUT_RETURN_TYPE = YES_ERROR;
				GCC_WARN_UNDECLARED_SELECTOR = YES;
				GCC_WARN_UNINITIALIZED_AUTOS = YES_AGGRESSIVE;
				GCC_WARN_UNUSED_FUNCTION = YES;
				GCC_WARN_UNUSED_VARIABLE = YES;
				IPHONEOS_DEPLOYMENT_TARGET = 12.2;
				MTL_ENABLE_DEBUG_INFO = INCLUDE_SOURCE;
				MTL_FAST_MATH = YES;
				ONLY_ACTIVE_ARCH = YES;
				SDKROOT = iphoneos;
				SWIFT_ACTIVE_COMPILATION_CONDITIONS = DEBUG;
				SWIFT_OPTIMIZATION_LEVEL = "-Onone";
			};
			name = Debug;
		};
		1F12424A2280118800B13213 /* Release */ = {
			isa = XCBuildConfiguration;
			buildSettings = {
				ALWAYS_SEARCH_USER_PATHS = NO;
				CLANG_ANALYZER_NONNULL = YES;
				CLANG_ANALYZER_NUMBER_OBJECT_CONVERSION = YES_AGGRESSIVE;
				CLANG_CXX_LANGUAGE_STANDARD = "gnu++14";
				CLANG_CXX_LIBRARY = "libc++";
				CLANG_ENABLE_MODULES = YES;
				CLANG_ENABLE_OBJC_ARC = YES;
				CLANG_ENABLE_OBJC_WEAK = YES;
				CLANG_WARN_BLOCK_CAPTURE_AUTORELEASING = YES;
				CLANG_WARN_BOOL_CONVERSION = YES;
				CLANG_WARN_COMMA = YES;
				CLANG_WARN_CONSTANT_CONVERSION = YES;
				CLANG_WARN_DEPRECATED_OBJC_IMPLEMENTATIONS = YES;
				CLANG_WARN_DIRECT_OBJC_ISA_USAGE = YES_ERROR;
				CLANG_WARN_DOCUMENTATION_COMMENTS = YES;
				CLANG_WARN_EMPTY_BODY = YES;
				CLANG_WARN_ENUM_CONVERSION = YES;
				CLANG_WARN_INFINITE_RECURSION = YES;
				CLANG_WARN_INT_CONVERSION = YES;
				CLANG_WARN_NON_LITERAL_NULL_CONVERSION = YES;
				CLANG_WARN_OBJC_IMPLICIT_RETAIN_SELF = YES;
				CLANG_WARN_OBJC_LITERAL_CONVERSION = YES;
				CLANG_WARN_OBJC_ROOT_CLASS = YES_ERROR;
				CLANG_WARN_RANGE_LOOP_ANALYSIS = YES;
				CLANG_WARN_STRICT_PROTOTYPES = YES;
				CLANG_WARN_SUSPICIOUS_MOVE = YES;
				CLANG_WARN_UNGUARDED_AVAILABILITY = YES_AGGRESSIVE;
				CLANG_WARN_UNREACHABLE_CODE = YES;
				CLANG_WARN__DUPLICATE_METHOD_MATCH = YES;
				CODE_SIGN_IDENTITY = "iPhone Developer";
				COPY_PHASE_STRIP = NO;
				DEBUG_INFORMATION_FORMAT = "dwarf-with-dsym";
				ENABLE_NS_ASSERTIONS = NO;
				ENABLE_STRICT_OBJC_MSGSEND = YES;
				GCC_C_LANGUAGE_STANDARD = gnu11;
				GCC_NO_COMMON_BLOCKS = YES;
				GCC_WARN_64_TO_32_BIT_CONVERSION = YES;
				GCC_WARN_ABOUT_RETURN_TYPE = YES_ERROR;
				GCC_WARN_UNDECLARED_SELECTOR = YES;
				GCC_WARN_UNINITIALIZED_AUTOS = YES_AGGRESSIVE;
				GCC_WARN_UNUSED_FUNCTION = YES;
				GCC_WARN_UNUSED_VARIABLE = YES;
				IPHONEOS_DEPLOYMENT_TARGET = 12.2;
				MTL_ENABLE_DEBUG_INFO = NO;
				MTL_FAST_MATH = YES;
				SDKROOT = iphoneos;
				SWIFT_COMPILATION_MODE = wholemodule;
				SWIFT_OPTIMIZATION_LEVEL = "-O";
				VALIDATE_PRODUCT = YES;
			};
			name = Release;
		};
		1F12424C2280118800B13213 /* Debug */ = {
			isa = XCBuildConfiguration;
			baseConfigurationReference = 5BA46FDD80250B863206866A /* Pods-TheOneDoctor.debug.xcconfig */;
			buildSettings = {
				ASSETCATALOG_COMPILER_APPICON_NAME = AppIcon;
				CLANG_ENABLE_MODULES = YES;
				CODE_SIGN_ENTITLEMENTS = TheOneDoctor/TheOneDoctor.entitlements;
				CODE_SIGN_STYLE = Manual;
				DEVELOPMENT_TEAM = T49HA6LCPM;
				INFOPLIST_FILE = TheOneDoctor/Info.plist;
				LD_RUNPATH_SEARCH_PATHS = (
					"$(inherited)",
					"@executable_path/Frameworks",
				);
				PRODUCT_BUNDLE_IDENTIFIER = com.TheOne.TheOneDoctor;
				PRODUCT_NAME = "$(TARGET_NAME)";
				PROVISIONING_PROFILE_SPECIFIER = TheOneDoctorDevProv;
				SWIFT_OBJC_BRIDGING_HEADER = "TheOneDoctor/Model/TheOneDoctor-Bridging-Header.h";
				SWIFT_OPTIMIZATION_LEVEL = "-Onone";
				SWIFT_VERSION = 5.0;
				TARGETED_DEVICE_FAMILY = "1,2";
			};
			name = Debug;
		};
		1F12424D2280118800B13213 /* Release */ = {
			isa = XCBuildConfiguration;
			baseConfigurationReference = 2AB8A677BBD82A74A38C95B2 /* Pods-TheOneDoctor.release.xcconfig */;
			buildSettings = {
				ASSETCATALOG_COMPILER_APPICON_NAME = AppIcon;
				CLANG_ENABLE_MODULES = YES;
				CODE_SIGN_ENTITLEMENTS = TheOneDoctor/TheOneDoctor.entitlements;
				CODE_SIGN_STYLE = Manual;
				DEVELOPMENT_TEAM = T49HA6LCPM;
				INFOPLIST_FILE = TheOneDoctor/Info.plist;
				LD_RUNPATH_SEARCH_PATHS = (
					"$(inherited)",
					"@executable_path/Frameworks",
				);
				PRODUCT_BUNDLE_IDENTIFIER = com.TheOne.TheOneDoctor;
				PRODUCT_NAME = "$(TARGET_NAME)";
				PROVISIONING_PROFILE_SPECIFIER = TheOneDoctorDevProv;
				SWIFT_OBJC_BRIDGING_HEADER = "TheOneDoctor/Model/TheOneDoctor-Bridging-Header.h";
				SWIFT_VERSION = 5.0;
				TARGETED_DEVICE_FAMILY = "1,2";
			};
			name = Release;
		};
/* End XCBuildConfiguration section */

/* Begin XCConfigurationList section */
		1F1242312280118600B13213 /* Build configuration list for PBXProject "TheOneDoctor" */ = {
			isa = XCConfigurationList;
			buildConfigurations = (
				1F1242492280118800B13213 /* Debug */,
				1F12424A2280118800B13213 /* Release */,
			);
			defaultConfigurationIsVisible = 0;
			defaultConfigurationName = Release;
		};
		1F12424B2280118800B13213 /* Build configuration list for PBXNativeTarget "TheOneDoctor" */ = {
			isa = XCConfigurationList;
			buildConfigurations = (
				1F12424C2280118800B13213 /* Debug */,
				1F12424D2280118800B13213 /* Release */,
			);
			defaultConfigurationIsVisible = 0;
			defaultConfigurationName = Release;
		};
/* End XCConfigurationList section */

/* Begin XCVersionGroup section */
		1F1242402280118600B13213 /* TheOneDoctor.xcdatamodeld */ = {
			isa = XCVersionGroup;
			children = (
				1F1242412280118600B13213 /* TheOneDoctor.xcdatamodel */,
			);
			currentVersion = 1F1242412280118600B13213 /* TheOneDoctor.xcdatamodel */;
			path = TheOneDoctor.xcdatamodeld;
			sourceTree = "<group>";
			versionGroupType = wrapper.xcdatamodel;
		};
/* End XCVersionGroup section */
	};
	rootObject = 1F12422E2280118600B13213 /* Project object */;
}
